// !$*UTF8*$!
{
	archiveVersion = 1;
	classes = {
	};
	objectVersion = 56;
	objects = {

/* Begin PBXBuildFile section */
		1140EEE88E83291DB7B2585A /* Pods_AppMVVM.framework in Frameworks */ = {isa = PBXBuildFile; fileRef = DD9C9C7CB500DA8B52137835 /* Pods_AppMVVM.framework */; };
		E00264B82AE81C9B0089588F /* PostCardCollectionViewCell.swift in Sources */ = {isa = PBXBuildFile; fileRef = E00264B72AE81C9B0089588F /* PostCardCollectionViewCell.swift */; };
		E00264BD2AE81DAF0089588F /* PostCollectionViewScreen.swift in Sources */ = {isa = PBXBuildFile; fileRef = E00264BC2AE81DAF0089588F /* PostCollectionViewScreen.swift */; };
		E00264C12AE821380089588F /* Posts.swift in Sources */ = {isa = PBXBuildFile; fileRef = E00264C02AE821380089588F /* Posts.swift */; };
		E00D96E92B0ADE8B0013C89A /* UIControl+Extensions.swift in Sources */ = {isa = PBXBuildFile; fileRef = E00D96E82B0ADE8B0013C89A /* UIControl+Extensions.swift */; };
		E00D96EB2B0ADEBD0013C89A /* UIButton+Extensions.swift in Sources */ = {isa = PBXBuildFile; fileRef = E00D96EA2B0ADEBD0013C89A /* UIButton+Extensions.swift */; };
		E012C8432AF56F970032CB08 /* FirebaseAnalytics in Frameworks */ = {isa = PBXBuildFile; productRef = E012C8422AF56F970032CB08 /* FirebaseAnalytics */; };
		E012C8452AF56F970032CB08 /* FirebaseAnalyticsOnDeviceConversion in Frameworks */ = {isa = PBXBuildFile; productRef = E012C8442AF56F970032CB08 /* FirebaseAnalyticsOnDeviceConversion */; };
		E012C8472AF56F970032CB08 /* FirebaseAnalyticsSwift in Frameworks */ = {isa = PBXBuildFile; productRef = E012C8462AF56F970032CB08 /* FirebaseAnalyticsSwift */; };
		E012C8492AF56F970032CB08 /* FirebaseAnalyticsWithoutAdIdSupport in Frameworks */ = {isa = PBXBuildFile; productRef = E012C8482AF56F970032CB08 /* FirebaseAnalyticsWithoutAdIdSupport */; };
		E012C84B2AF56F970032CB08 /* FirebaseAppCheck in Frameworks */ = {isa = PBXBuildFile; productRef = E012C84A2AF56F970032CB08 /* FirebaseAppCheck */; };
		E012C84D2AF56F970032CB08 /* FirebaseAppDistribution-Beta in Frameworks */ = {isa = PBXBuildFile; productRef = E012C84C2AF56F970032CB08 /* FirebaseAppDistribution-Beta */; };
		E012C84F2AF56F970032CB08 /* FirebaseAuth in Frameworks */ = {isa = PBXBuildFile; productRef = E012C84E2AF56F970032CB08 /* FirebaseAuth */; };
		E012C8512AF56F970032CB08 /* FirebaseAuthCombine-Community in Frameworks */ = {isa = PBXBuildFile; productRef = E012C8502AF56F970032CB08 /* FirebaseAuthCombine-Community */; };
		E012C8532AF56F970032CB08 /* FirebaseCrashlytics in Frameworks */ = {isa = PBXBuildFile; productRef = E012C8522AF56F970032CB08 /* FirebaseCrashlytics */; };
		E012C8552AF56F970032CB08 /* FirebaseDatabase in Frameworks */ = {isa = PBXBuildFile; productRef = E012C8542AF56F970032CB08 /* FirebaseDatabase */; };
		E012C8572AF56F970032CB08 /* FirebaseDatabaseSwift in Frameworks */ = {isa = PBXBuildFile; productRef = E012C8562AF56F970032CB08 /* FirebaseDatabaseSwift */; };
		E012C8592AF56F970032CB08 /* FirebaseDynamicLinks in Frameworks */ = {isa = PBXBuildFile; productRef = E012C8582AF56F970032CB08 /* FirebaseDynamicLinks */; };
		E012C85B2AF56F970032CB08 /* FirebaseFirestore in Frameworks */ = {isa = PBXBuildFile; productRef = E012C85A2AF56F970032CB08 /* FirebaseFirestore */; };
		E012C85D2AF56F970032CB08 /* FirebaseFirestoreCombine-Community in Frameworks */ = {isa = PBXBuildFile; productRef = E012C85C2AF56F970032CB08 /* FirebaseFirestoreCombine-Community */; };
		E012C85F2AF56F970032CB08 /* FirebaseFirestoreSwift in Frameworks */ = {isa = PBXBuildFile; productRef = E012C85E2AF56F970032CB08 /* FirebaseFirestoreSwift */; };
		E012C8612AF56F970032CB08 /* FirebaseFunctions in Frameworks */ = {isa = PBXBuildFile; productRef = E012C8602AF56F970032CB08 /* FirebaseFunctions */; };
		E012C8632AF56F970032CB08 /* FirebaseFunctionsCombine-Community in Frameworks */ = {isa = PBXBuildFile; productRef = E012C8622AF56F970032CB08 /* FirebaseFunctionsCombine-Community */; };
		E012C8652AF56F970032CB08 /* FirebaseInAppMessaging-Beta in Frameworks */ = {isa = PBXBuildFile; productRef = E012C8642AF56F970032CB08 /* FirebaseInAppMessaging-Beta */; };
		E012C8672AF56F970032CB08 /* FirebaseInAppMessagingSwift-Beta in Frameworks */ = {isa = PBXBuildFile; productRef = E012C8662AF56F970032CB08 /* FirebaseInAppMessagingSwift-Beta */; };
		E012C8692AF56F970032CB08 /* FirebaseInstallations in Frameworks */ = {isa = PBXBuildFile; productRef = E012C8682AF56F970032CB08 /* FirebaseInstallations */; };
		E012C86B2AF56F970032CB08 /* FirebaseMLModelDownloader in Frameworks */ = {isa = PBXBuildFile; productRef = E012C86A2AF56F970032CB08 /* FirebaseMLModelDownloader */; };
		E012C86D2AF56F970032CB08 /* FirebaseMessaging in Frameworks */ = {isa = PBXBuildFile; productRef = E012C86C2AF56F970032CB08 /* FirebaseMessaging */; };
		E012C86F2AF56F970032CB08 /* FirebasePerformance in Frameworks */ = {isa = PBXBuildFile; productRef = E012C86E2AF56F970032CB08 /* FirebasePerformance */; };
		E012C8712AF56F970032CB08 /* FirebaseRemoteConfig in Frameworks */ = {isa = PBXBuildFile; productRef = E012C8702AF56F970032CB08 /* FirebaseRemoteConfig */; };
		E012C8732AF56F970032CB08 /* FirebaseRemoteConfigSwift in Frameworks */ = {isa = PBXBuildFile; productRef = E012C8722AF56F970032CB08 /* FirebaseRemoteConfigSwift */; };
		E012C8752AF56F970032CB08 /* FirebaseStorage in Frameworks */ = {isa = PBXBuildFile; productRef = E012C8742AF56F970032CB08 /* FirebaseStorage */; };
		E012C8772AF56F970032CB08 /* FirebaseStorageCombine-Community in Frameworks */ = {isa = PBXBuildFile; productRef = E012C8762AF56F970032CB08 /* FirebaseStorageCombine-Community */; };
		E012C8792AF572140032CB08 /* GoogleService-Info.plist in Resources */ = {isa = PBXBuildFile; fileRef = E012C8782AF572140032CB08 /* GoogleService-Info.plist */; };
		E012C87C2AF5771C0032CB08 /* LoginViewController.swift in Sources */ = {isa = PBXBuildFile; fileRef = E012C87B2AF5771C0032CB08 /* LoginViewController.swift */; };
		E012C87F2AF577710032CB08 /* LoginSreen.swift in Sources */ = {isa = PBXBuildFile; fileRef = E012C87E2AF577710032CB08 /* LoginSreen.swift */; };
		E03AED802AFC0BC400AAF9E1 /* RegisterViewModel.swift in Sources */ = {isa = PBXBuildFile; fileRef = E03AED7F2AFC0BC400AAF9E1 /* RegisterViewModel.swift */; };
		E03AED872B02384000AAF9E1 /* HomeService.swift in Sources */ = {isa = PBXBuildFile; fileRef = E03AED862B02384000AAF9E1 /* HomeService.swift */; };
		E03AED892B023C3600AAF9E1 /* HomeData.swift in Sources */ = {isa = PBXBuildFile; fileRef = E03AED882B023C3600AAF9E1 /* HomeData.swift */; };
		E03AED8B2B026F8200AAF9E1 /* Response.json in Resources */ = {isa = PBXBuildFile; fileRef = E03AED8A2B026F8200AAF9E1 /* Response.json */; };
		E03C2D082B07A35100012DD8 /* LoginScreenTests.swift in Sources */ = {isa = PBXBuildFile; fileRef = E03C2D072B07A35100012DD8 /* LoginScreenTests.swift */; };
		E040E4DB2ADB427C00D91089 /* AppDelegate.swift in Sources */ = {isa = PBXBuildFile; fileRef = E040E4DA2ADB427C00D91089 /* AppDelegate.swift */; };
		E040E4DD2ADB427C00D91089 /* SceneDelegate.swift in Sources */ = {isa = PBXBuildFile; fileRef = E040E4DC2ADB427C00D91089 /* SceneDelegate.swift */; };
		E040E4DF2ADB427C00D91089 /* HomeViewController.swift in Sources */ = {isa = PBXBuildFile; fileRef = E040E4DE2ADB427C00D91089 /* HomeViewController.swift */; };
		E040E4E42ADB427F00D91089 /* Assets.xcassets in Resources */ = {isa = PBXBuildFile; fileRef = E040E4E32ADB427F00D91089 /* Assets.xcassets */; };
		E040E4E72ADB427F00D91089 /* LaunchScreen.storyboard in Resources */ = {isa = PBXBuildFile; fileRef = E040E4E52ADB427F00D91089 /* LaunchScreen.storyboard */; };
		E044E17F2ADD8EAF009BD2BE /* UIView+Extension.swift in Sources */ = {isa = PBXBuildFile; fileRef = E044E17E2ADD8EAF009BD2BE /* UIView+Extension.swift */; };
		E044E1852ADD9415009BD2BE /* HomeViewModel.swift in Sources */ = {isa = PBXBuildFile; fileRef = E044E1842ADD9415009BD2BE /* HomeViewModel.swift */; };
		E044E1892AE02088009BD2BE /* StoryCardCollectionViewScreen.swift in Sources */ = {isa = PBXBuildFile; fileRef = E044E1882AE02088009BD2BE /* StoryCardCollectionViewScreen.swift */; };
		E044E18B2AE0213D009BD2BE /* StoryCardCollectionViewCell.swift in Sources */ = {isa = PBXBuildFile; fileRef = E044E18A2AE0213D009BD2BE /* StoryCardCollectionViewCell.swift */; };
		E096612C2AF96A1700819CB7 /* LoginViewModel.swift in Sources */ = {isa = PBXBuildFile; fileRef = E096612B2AF96A1700819CB7 /* LoginViewModel.swift */; };
		E0AC93392ADB5A500054E6C0 /* HomeScreenView.swift in Sources */ = {isa = PBXBuildFile; fileRef = E0AC93382ADB5A500054E6C0 /* HomeScreenView.swift */; };
		E0D754C32AFA475C001E3AB6 /* UILabelCustom.swift in Sources */ = {isa = PBXBuildFile; fileRef = E0D754C22AFA475C001E3AB6 /* UILabelCustom.swift */; };
		E0D754C52AFA479C001E3AB6 /* TextFieldCustom.swift in Sources */ = {isa = PBXBuildFile; fileRef = E0D754C42AFA479C001E3AB6 /* TextFieldCustom.swift */; };
		E0D754C92AFA691C001E3AB6 /* RegisterViewScreen.swift in Sources */ = {isa = PBXBuildFile; fileRef = E0D754C82AFA691C001E3AB6 /* RegisterViewScreen.swift */; };
		E0D754CB2AFA6A1D001E3AB6 /* RegisterViewController.swift in Sources */ = {isa = PBXBuildFile; fileRef = E0D754CA2AFA6A1D001E3AB6 /* RegisterViewController.swift */; };
		E0DBD8E22AF2D6F400CE86D8 /* PostCardViewModel.swift in Sources */ = {isa = PBXBuildFile; fileRef = E0DBD8E12AF2D6F400CE86D8 /* PostCardViewModel.swift */; };
		E0DBD8E52AF2DB5900CE86D8 /* PostCollectionViewCell.swift in Sources */ = {isa = PBXBuildFile; fileRef = E0DBD8E42AF2DB5900CE86D8 /* PostCollectionViewCell.swift */; };
		E0DBD8E72AF2DCD300CE86D8 /* PostCollectionViewCellScreen.swift in Sources */ = {isa = PBXBuildFile; fileRef = E0DBD8E62AF2DCD300CE86D8 /* PostCollectionViewCellScreen.swift */; };
		E0DF9D3C2AE5365B00DC184E /* UIColor+Extension.swift in Sources */ = {isa = PBXBuildFile; fileRef = E0DF9D3B2AE5365B00DC184E /* UIColor+Extension.swift */; };
		E0DF9D3F2AE53B1200DC184E /* StoryCardViewModel.swift in Sources */ = {isa = PBXBuildFile; fileRef = E0DF9D3E2AE53B1200DC184E /* StoryCardViewModel.swift */; };
		E0DF9D422AE53BC600DC184E /* Stories.swift in Sources */ = {isa = PBXBuildFile; fileRef = E0DF9D412AE53BC600DC184E /* Stories.swift */; };
		E0DF9D442AE5406100DC184E /* StoryCollectionViewCell.swift in Sources */ = {isa = PBXBuildFile; fileRef = E0DF9D432AE5406100DC184E /* StoryCollectionViewCell.swift */; };
		E0DF9D462AE540E800DC184E /* StoryCollectionViewScreen.swift in Sources */ = {isa = PBXBuildFile; fileRef = E0DF9D452AE540E800DC184E /* StoryCollectionViewScreen.swift */; };
/* End PBXBuildFile section */

/* Begin PBXContainerItemProxy section */
		E03C2D092B07A35100012DD8 /* PBXContainerItemProxy */ = {
			isa = PBXContainerItemProxy;
			containerPortal = E040E4CF2ADB427C00D91089 /* Project object */;
			proxyType = 1;
			remoteGlobalIDString = E040E4D62ADB427C00D91089;
			remoteInfo = AppMVVM;
		};
/* End PBXContainerItemProxy section */

/* Begin PBXFileReference section */
		48AC03DE1B8C6723BBCC44C6 /* Pods-AppMVVM.debug.xcconfig */ = {isa = PBXFileReference; includeInIndex = 1; lastKnownFileType = text.xcconfig; name = "Pods-AppMVVM.debug.xcconfig"; path = "Target Support Files/Pods-AppMVVM/Pods-AppMVVM.debug.xcconfig"; sourceTree = "<group>"; };
		DD9C9C7CB500DA8B52137835 /* Pods_AppMVVM.framework */ = {isa = PBXFileReference; explicitFileType = wrapper.framework; includeInIndex = 0; path = Pods_AppMVVM.framework; sourceTree = BUILT_PRODUCTS_DIR; };
		E00264B72AE81C9B0089588F /* PostCardCollectionViewCell.swift */ = {isa = PBXFileReference; lastKnownFileType = sourcecode.swift; path = PostCardCollectionViewCell.swift; sourceTree = "<group>"; };
		E00264BC2AE81DAF0089588F /* PostCollectionViewScreen.swift */ = {isa = PBXFileReference; lastKnownFileType = sourcecode.swift; path = PostCollectionViewScreen.swift; sourceTree = "<group>"; };
		E00264C02AE821380089588F /* Posts.swift */ = {isa = PBXFileReference; lastKnownFileType = sourcecode.swift; path = Posts.swift; sourceTree = "<group>"; };
		E00D96E82B0ADE8B0013C89A /* UIControl+Extensions.swift */ = {isa = PBXFileReference; lastKnownFileType = sourcecode.swift; path = "UIControl+Extensions.swift"; sourceTree = "<group>"; };
		E00D96EA2B0ADEBD0013C89A /* UIButton+Extensions.swift */ = {isa = PBXFileReference; lastKnownFileType = sourcecode.swift; path = "UIButton+Extensions.swift"; sourceTree = "<group>"; };
		E012C8782AF572140032CB08 /* GoogleService-Info.plist */ = {isa = PBXFileReference; fileEncoding = 4; lastKnownFileType = text.plist.xml; path = "GoogleService-Info.plist"; sourceTree = "<group>"; };
		E012C87B2AF5771C0032CB08 /* LoginViewController.swift */ = {isa = PBXFileReference; lastKnownFileType = sourcecode.swift; path = LoginViewController.swift; sourceTree = "<group>"; };
		E012C87E2AF577710032CB08 /* LoginSreen.swift */ = {isa = PBXFileReference; lastKnownFileType = sourcecode.swift; path = LoginSreen.swift; sourceTree = "<group>"; };
		E03AED7F2AFC0BC400AAF9E1 /* RegisterViewModel.swift */ = {isa = PBXFileReference; lastKnownFileType = sourcecode.swift; path = RegisterViewModel.swift; sourceTree = "<group>"; };
		E03AED862B02384000AAF9E1 /* HomeService.swift */ = {isa = PBXFileReference; lastKnownFileType = sourcecode.swift; path = HomeService.swift; sourceTree = "<group>"; };
		E03AED882B023C3600AAF9E1 /* HomeData.swift */ = {isa = PBXFileReference; lastKnownFileType = sourcecode.swift; path = HomeData.swift; sourceTree = "<group>"; };
		E03AED8A2B026F8200AAF9E1 /* Response.json */ = {isa = PBXFileReference; lastKnownFileType = text.json; path = Response.json; sourceTree = "<group>"; };
		E03C2D052B07A35100012DD8 /* AppMVVMTests.xctest */ = {isa = PBXFileReference; explicitFileType = wrapper.cfbundle; includeInIndex = 0; path = AppMVVMTests.xctest; sourceTree = BUILT_PRODUCTS_DIR; };
		E03C2D072B07A35100012DD8 /* LoginScreenTests.swift */ = {isa = PBXFileReference; lastKnownFileType = sourcecode.swift; path = LoginScreenTests.swift; sourceTree = "<group>"; };
		E040E4D72ADB427C00D91089 /* AppMVVM.app */ = {isa = PBXFileReference; explicitFileType = wrapper.application; includeInIndex = 0; path = AppMVVM.app; sourceTree = BUILT_PRODUCTS_DIR; };
		E040E4DA2ADB427C00D91089 /* AppDelegate.swift */ = {isa = PBXFileReference; lastKnownFileType = sourcecode.swift; path = AppDelegate.swift; sourceTree = "<group>"; };
		E040E4DC2ADB427C00D91089 /* SceneDelegate.swift */ = {isa = PBXFileReference; lastKnownFileType = sourcecode.swift; path = SceneDelegate.swift; sourceTree = "<group>"; };
		E040E4DE2ADB427C00D91089 /* HomeViewController.swift */ = {isa = PBXFileReference; lastKnownFileType = sourcecode.swift; path = HomeViewController.swift; sourceTree = "<group>"; };
		E040E4E32ADB427F00D91089 /* Assets.xcassets */ = {isa = PBXFileReference; lastKnownFileType = folder.assetcatalog; path = Assets.xcassets; sourceTree = "<group>"; };
		E040E4E62ADB427F00D91089 /* Base */ = {isa = PBXFileReference; lastKnownFileType = file.storyboard; name = Base; path = Base.lproj/LaunchScreen.storyboard; sourceTree = "<group>"; };
		E040E4E82ADB427F00D91089 /* Info.plist */ = {isa = PBXFileReference; lastKnownFileType = text.plist.xml; path = Info.plist; sourceTree = "<group>"; };
		E044E17E2ADD8EAF009BD2BE /* UIView+Extension.swift */ = {isa = PBXFileReference; lastKnownFileType = sourcecode.swift; path = "UIView+Extension.swift"; sourceTree = "<group>"; };
		E044E1842ADD9415009BD2BE /* HomeViewModel.swift */ = {isa = PBXFileReference; lastKnownFileType = sourcecode.swift; path = HomeViewModel.swift; sourceTree = "<group>"; };
		E044E1882AE02088009BD2BE /* StoryCardCollectionViewScreen.swift */ = {isa = PBXFileReference; lastKnownFileType = sourcecode.swift; path = StoryCardCollectionViewScreen.swift; sourceTree = "<group>"; };
		E044E18A2AE0213D009BD2BE /* StoryCardCollectionViewCell.swift */ = {isa = PBXFileReference; lastKnownFileType = sourcecode.swift; path = StoryCardCollectionViewCell.swift; sourceTree = "<group>"; };
		E096612B2AF96A1700819CB7 /* LoginViewModel.swift */ = {isa = PBXFileReference; lastKnownFileType = sourcecode.swift; path = LoginViewModel.swift; sourceTree = "<group>"; };
		E0AC93382ADB5A500054E6C0 /* HomeScreenView.swift */ = {isa = PBXFileReference; lastKnownFileType = sourcecode.swift; path = HomeScreenView.swift; sourceTree = "<group>"; };
		E0D754C22AFA475C001E3AB6 /* UILabelCustom.swift */ = {isa = PBXFileReference; lastKnownFileType = sourcecode.swift; path = UILabelCustom.swift; sourceTree = "<group>"; };
		E0D754C42AFA479C001E3AB6 /* TextFieldCustom.swift */ = {isa = PBXFileReference; lastKnownFileType = sourcecode.swift; path = TextFieldCustom.swift; sourceTree = "<group>"; };
		E0D754C82AFA691C001E3AB6 /* RegisterViewScreen.swift */ = {isa = PBXFileReference; lastKnownFileType = sourcecode.swift; path = RegisterViewScreen.swift; sourceTree = "<group>"; };
		E0D754CA2AFA6A1D001E3AB6 /* RegisterViewController.swift */ = {isa = PBXFileReference; lastKnownFileType = sourcecode.swift; path = RegisterViewController.swift; sourceTree = "<group>"; };
		E0DBD8E12AF2D6F400CE86D8 /* PostCardViewModel.swift */ = {isa = PBXFileReference; lastKnownFileType = sourcecode.swift; path = PostCardViewModel.swift; sourceTree = "<group>"; };
		E0DBD8E42AF2DB5900CE86D8 /* PostCollectionViewCell.swift */ = {isa = PBXFileReference; lastKnownFileType = sourcecode.swift; path = PostCollectionViewCell.swift; sourceTree = "<group>"; };
		E0DBD8E62AF2DCD300CE86D8 /* PostCollectionViewCellScreen.swift */ = {isa = PBXFileReference; lastKnownFileType = sourcecode.swift; path = PostCollectionViewCellScreen.swift; sourceTree = "<group>"; };
		E0DF9D3B2AE5365B00DC184E /* UIColor+Extension.swift */ = {isa = PBXFileReference; lastKnownFileType = sourcecode.swift; path = "UIColor+Extension.swift"; sourceTree = "<group>"; };
		E0DF9D3E2AE53B1200DC184E /* StoryCardViewModel.swift */ = {isa = PBXFileReference; lastKnownFileType = sourcecode.swift; path = StoryCardViewModel.swift; sourceTree = "<group>"; };
		E0DF9D412AE53BC600DC184E /* Stories.swift */ = {isa = PBXFileReference; lastKnownFileType = sourcecode.swift; path = Stories.swift; sourceTree = "<group>"; };
		E0DF9D432AE5406100DC184E /* StoryCollectionViewCell.swift */ = {isa = PBXFileReference; lastKnownFileType = sourcecode.swift; path = StoryCollectionViewCell.swift; sourceTree = "<group>"; };
		E0DF9D452AE540E800DC184E /* StoryCollectionViewScreen.swift */ = {isa = PBXFileReference; lastKnownFileType = sourcecode.swift; path = StoryCollectionViewScreen.swift; sourceTree = "<group>"; };
		F64025B472D69EDF910E144A /* Pods-AppMVVM.release.xcconfig */ = {isa = PBXFileReference; includeInIndex = 1; lastKnownFileType = text.xcconfig; name = "Pods-AppMVVM.release.xcconfig"; path = "Target Support Files/Pods-AppMVVM/Pods-AppMVVM.release.xcconfig"; sourceTree = "<group>"; };
/* End PBXFileReference section */

/* Begin PBXFrameworksBuildPhase section */
		E03C2D022B07A35100012DD8 /* Frameworks */ = {
			isa = PBXFrameworksBuildPhase;
			buildActionMask = 2147483647;
			files = (
			);
			runOnlyForDeploymentPostprocessing = 0;
		};
		E040E4D42ADB427C00D91089 /* Frameworks */ = {
			isa = PBXFrameworksBuildPhase;
			buildActionMask = 2147483647;
			files = (
				E012C8552AF56F970032CB08 /* FirebaseDatabase in Frameworks */,
				E012C8632AF56F970032CB08 /* FirebaseFunctionsCombine-Community in Frameworks */,
				E012C85B2AF56F970032CB08 /* FirebaseFirestore in Frameworks */,
				E012C8472AF56F970032CB08 /* FirebaseAnalyticsSwift in Frameworks */,
				E012C8432AF56F970032CB08 /* FirebaseAnalytics in Frameworks */,
				E012C8452AF56F970032CB08 /* FirebaseAnalyticsOnDeviceConversion in Frameworks */,
				E012C86B2AF56F970032CB08 /* FirebaseMLModelDownloader in Frameworks */,
				E012C85F2AF56F970032CB08 /* FirebaseFirestoreSwift in Frameworks */,
				E012C84B2AF56F970032CB08 /* FirebaseAppCheck in Frameworks */,
				E012C8492AF56F970032CB08 /* FirebaseAnalyticsWithoutAdIdSupport in Frameworks */,
				E012C84F2AF56F970032CB08 /* FirebaseAuth in Frameworks */,
				E012C8532AF56F970032CB08 /* FirebaseCrashlytics in Frameworks */,
				E012C8732AF56F970032CB08 /* FirebaseRemoteConfigSwift in Frameworks */,
				E012C8652AF56F970032CB08 /* FirebaseInAppMessaging-Beta in Frameworks */,
				E012C8572AF56F970032CB08 /* FirebaseDatabaseSwift in Frameworks */,
				E012C8612AF56F970032CB08 /* FirebaseFunctions in Frameworks */,
				E012C8772AF56F970032CB08 /* FirebaseStorageCombine-Community in Frameworks */,
				E012C8712AF56F970032CB08 /* FirebaseRemoteConfig in Frameworks */,
				E012C84D2AF56F970032CB08 /* FirebaseAppDistribution-Beta in Frameworks */,
				E012C8512AF56F970032CB08 /* FirebaseAuthCombine-Community in Frameworks */,
				E012C86F2AF56F970032CB08 /* FirebasePerformance in Frameworks */,
				E012C8672AF56F970032CB08 /* FirebaseInAppMessagingSwift-Beta in Frameworks */,
				E012C8752AF56F970032CB08 /* FirebaseStorage in Frameworks */,
				E012C8592AF56F970032CB08 /* FirebaseDynamicLinks in Frameworks */,
				E012C85D2AF56F970032CB08 /* FirebaseFirestoreCombine-Community in Frameworks */,
				E012C86D2AF56F970032CB08 /* FirebaseMessaging in Frameworks */,
				E012C8692AF56F970032CB08 /* FirebaseInstallations in Frameworks */,
				1140EEE88E83291DB7B2585A /* Pods_AppMVVM.framework in Frameworks */,
			);
			runOnlyForDeploymentPostprocessing = 0;
		};
/* End PBXFrameworksBuildPhase section */

/* Begin PBXGroup section */
		3C22DBEED3C75C24FEBCD993 /* Frameworks */ = {
			isa = PBXGroup;
			children = (
				DD9C9C7CB500DA8B52137835 /* Pods_AppMVVM.framework */,
			);
			name = Frameworks;
			sourceTree = "<group>";
		};
		E00264B52AE81C6B0089588F /* Story */ = {
			isa = PBXGroup;
			children = (
				E0DF9D3E2AE53B1200DC184E /* StoryCardViewModel.swift */,
				E0DF9D452AE540E800DC184E /* StoryCollectionViewScreen.swift */,
				E044E1882AE02088009BD2BE /* StoryCardCollectionViewScreen.swift */,
				E00264BE2AE81E190089588F /* Cell */,
			);
			path = Story;
			sourceTree = "<group>";
		};
		E00264B62AE81C7C0089588F /* PostCard */ = {
			isa = PBXGroup;
			children = (
				E0DBD8E12AF2D6F400CE86D8 /* PostCardViewModel.swift */,
				E00264BC2AE81DAF0089588F /* PostCollectionViewScreen.swift */,
				E0DBD8E62AF2DCD300CE86D8 /* PostCollectionViewCellScreen.swift */,
				E00264BF2AE81E2B0089588F /* Cell */,
			);
			path = PostCard;
			sourceTree = "<group>";
		};
		E00264BB2AE81D220089588F /* Home */ = {
			isa = PBXGroup;
			children = (
				E0AC93382ADB5A500054E6C0 /* HomeScreenView.swift */,
				E044E1842ADD9415009BD2BE /* HomeViewModel.swift */,
				E040E4DE2ADB427C00D91089 /* HomeViewController.swift */,
			);
			path = Home;
			sourceTree = "<group>";
		};
		E00264BE2AE81E190089588F /* Cell */ = {
			isa = PBXGroup;
			children = (
				E0DF9D432AE5406100DC184E /* StoryCollectionViewCell.swift */,
				E044E18A2AE0213D009BD2BE /* StoryCardCollectionViewCell.swift */,
			);
			path = Cell;
			sourceTree = "<group>";
		};
		E00264BF2AE81E2B0089588F /* Cell */ = {
			isa = PBXGroup;
			children = (
				E00264B72AE81C9B0089588F /* PostCardCollectionViewCell.swift */,
				E0DBD8E42AF2DB5900CE86D8 /* PostCollectionViewCell.swift */,
			);
			path = Cell;
			sourceTree = "<group>";
		};
		E012C87A2AF5770D0032CB08 /* LoginViewController */ = {
			isa = PBXGroup;
			children = (
				E012C87E2AF577710032CB08 /* LoginSreen.swift */,
				E096612B2AF96A1700819CB7 /* LoginViewModel.swift */,
				E012C87B2AF5771C0032CB08 /* LoginViewController.swift */,
			);
			path = LoginViewController;
			sourceTree = "<group>";
		};
		E03AED852B02382300AAF9E1 /* Service */ = {
			isa = PBXGroup;
			children = (
				E03AED862B02384000AAF9E1 /* HomeService.swift */,
				E03AED8A2B026F8200AAF9E1 /* Response.json */,
			);
			path = Service;
			sourceTree = "<group>";
		};
		E03C2D062B07A35100012DD8 /* AppMVVMTests */ = {
			isa = PBXGroup;
			children = (
				E03C2D072B07A35100012DD8 /* LoginScreenTests.swift */,
			);
			path = AppMVVMTests;
			sourceTree = "<group>";
		};
		E040E4CE2ADB427C00D91089 = {
			isa = PBXGroup;
			children = (
				E040E4D92ADB427C00D91089 /* AppMVVM */,
				E03C2D062B07A35100012DD8 /* AppMVVMTests */,
				E040E4D82ADB427C00D91089 /* Products */,
				EB026AC76F7837E9B69ED4A9 /* Pods */,
				3C22DBEED3C75C24FEBCD993 /* Frameworks */,
			);
			sourceTree = "<group>";
		};
		E040E4D82ADB427C00D91089 /* Products */ = {
			isa = PBXGroup;
			children = (
				E040E4D72ADB427C00D91089 /* AppMVVM.app */,
				E03C2D052B07A35100012DD8 /* AppMVVMTests.xctest */,
			);
			name = Products;
			sourceTree = "<group>";
		};
		E040E4D92ADB427C00D91089 /* AppMVVM */ = {
			isa = PBXGroup;
			children = (
				E03AED852B02382300AAF9E1 /* Service */,
				E0DF9D402AE53BBA00DC184E /* Model */,
				E044E1862ADD946C009BD2BE /* View */,
				E044E17D2ADD8E98009BD2BE /* Extension */,
				E040E4EF2ADB43B600D91089 /* Assets */,
				E040E4EE2ADB439900D91089 /* Aplication */,
				E012C8782AF572140032CB08 /* GoogleService-Info.plist */,
				E040E4E82ADB427F00D91089 /* Info.plist */,
			);
			path = AppMVVM;
			sourceTree = "<group>";
		};
		E040E4EE2ADB439900D91089 /* Aplication */ = {
			isa = PBXGroup;
			children = (
				E040E4E52ADB427F00D91089 /* LaunchScreen.storyboard */,
				E040E4DA2ADB427C00D91089 /* AppDelegate.swift */,
				E040E4DC2ADB427C00D91089 /* SceneDelegate.swift */,
			);
			path = Aplication;
			sourceTree = "<group>";
		};
		E040E4EF2ADB43B600D91089 /* Assets */ = {
			isa = PBXGroup;
			children = (
				E040E4E32ADB427F00D91089 /* Assets.xcassets */,
			);
			path = Assets;
			sourceTree = "<group>";
		};
		E044E17D2ADD8E98009BD2BE /* Extension */ = {
			isa = PBXGroup;
			children = (
				E044E17E2ADD8EAF009BD2BE /* UIView+Extension.swift */,
				E0DF9D3B2AE5365B00DC184E /* UIColor+Extension.swift */,
				E00D96E82B0ADE8B0013C89A /* UIControl+Extensions.swift */,
				E00D96EA2B0ADEBD0013C89A /* UIButton+Extensions.swift */,
			);
			path = Extension;
			sourceTree = "<group>";
		};
		E044E1862ADD946C009BD2BE /* View */ = {
			isa = PBXGroup;
			children = (
				E0D754C12AFA4733001E3AB6 /* Custons */,
				E012C87A2AF5770D0032CB08 /* LoginViewController */,
				E0D754BE2AFA46D6001E3AB6 /* Register */,
				E00264BB2AE81D220089588F /* Home */,
				E00264B52AE81C6B0089588F /* Story */,
				E00264B62AE81C7C0089588F /* PostCard */,
			);
			path = View;
			sourceTree = "<group>";
		};
		E0D754BE2AFA46D6001E3AB6 /* Register */ = {
			isa = PBXGroup;
			children = (
				E0D754C82AFA691C001E3AB6 /* RegisterViewScreen.swift */,
				E0D754CA2AFA6A1D001E3AB6 /* RegisterViewController.swift */,
				E03AED7F2AFC0BC400AAF9E1 /* RegisterViewModel.swift */,
			);
			path = Register;
			sourceTree = "<group>";
		};
		E0D754C12AFA4733001E3AB6 /* Custons */ = {
			isa = PBXGroup;
			children = (
				E0D754C22AFA475C001E3AB6 /* UILabelCustom.swift */,
				E0D754C42AFA479C001E3AB6 /* TextFieldCustom.swift */,
			);
			path = Custons;
			sourceTree = "<group>";
		};
		E0DF9D402AE53BBA00DC184E /* Model */ = {
			isa = PBXGroup;
			children = (
				E0DF9D412AE53BC600DC184E /* Stories.swift */,
				E00264C02AE821380089588F /* Posts.swift */,
				E03AED882B023C3600AAF9E1 /* HomeData.swift */,
			);
			path = Model;
			sourceTree = "<group>";
		};
		EB026AC76F7837E9B69ED4A9 /* Pods */ = {
			isa = PBXGroup;
			children = (
				48AC03DE1B8C6723BBCC44C6 /* Pods-AppMVVM.debug.xcconfig */,
				F64025B472D69EDF910E144A /* Pods-AppMVVM.release.xcconfig */,
			);
			path = Pods;
			sourceTree = "<group>";
		};
/* End PBXGroup section */

/* Begin PBXNativeTarget section */
		E03C2D042B07A35100012DD8 /* AppMVVMTests */ = {
			isa = PBXNativeTarget;
			buildConfigurationList = E03C2D0D2B07A35100012DD8 /* Build configuration list for PBXNativeTarget "AppMVVMTests" */;
			buildPhases = (
				E03C2D012B07A35100012DD8 /* Sources */,
				E03C2D022B07A35100012DD8 /* Frameworks */,
				E03C2D032B07A35100012DD8 /* Resources */,
			);
			buildRules = (
			);
			dependencies = (
				E03C2D0A2B07A35100012DD8 /* PBXTargetDependency */,
			);
			name = AppMVVMTests;
			productName = AppMVVMTests;
			productReference = E03C2D052B07A35100012DD8 /* AppMVVMTests.xctest */;
			productType = "com.apple.product-type.bundle.unit-test";
		};
		E040E4D62ADB427C00D91089 /* AppMVVM */ = {
			isa = PBXNativeTarget;
			buildConfigurationList = E040E4EB2ADB427F00D91089 /* Build configuration list for PBXNativeTarget "AppMVVM" */;
			buildPhases = (
				0EE74250A7B7FBC30003BE5B /* [CP] Check Pods Manifest.lock */,
				E040E4D32ADB427C00D91089 /* Sources */,
				E040E4D42ADB427C00D91089 /* Frameworks */,
				E040E4D52ADB427C00D91089 /* Resources */,
				1C7116D2AC9B9ECCF7F6A2C0 /* [CP] Embed Pods Frameworks */,
				E03AED812B00497E00AAF9E1 /* ShellScript */,
			);
			buildRules = (
			);
			dependencies = (
			);
			name = AppMVVM;
			packageProductDependencies = (
				E012C8422AF56F970032CB08 /* FirebaseAnalytics */,
				E012C8442AF56F970032CB08 /* FirebaseAnalyticsOnDeviceConversion */,
				E012C8462AF56F970032CB08 /* FirebaseAnalyticsSwift */,
				E012C8482AF56F970032CB08 /* FirebaseAnalyticsWithoutAdIdSupport */,
				E012C84A2AF56F970032CB08 /* FirebaseAppCheck */,
				E012C84C2AF56F970032CB08 /* FirebaseAppDistribution-Beta */,
				E012C84E2AF56F970032CB08 /* FirebaseAuth */,
				E012C8502AF56F970032CB08 /* FirebaseAuthCombine-Community */,
				E012C8522AF56F970032CB08 /* FirebaseCrashlytics */,
				E012C8542AF56F970032CB08 /* FirebaseDatabase */,
				E012C8562AF56F970032CB08 /* FirebaseDatabaseSwift */,
				E012C8582AF56F970032CB08 /* FirebaseDynamicLinks */,
				E012C85A2AF56F970032CB08 /* FirebaseFirestore */,
				E012C85C2AF56F970032CB08 /* FirebaseFirestoreCombine-Community */,
				E012C85E2AF56F970032CB08 /* FirebaseFirestoreSwift */,
				E012C8602AF56F970032CB08 /* FirebaseFunctions */,
				E012C8622AF56F970032CB08 /* FirebaseFunctionsCombine-Community */,
				E012C8642AF56F970032CB08 /* FirebaseInAppMessaging-Beta */,
				E012C8662AF56F970032CB08 /* FirebaseInAppMessagingSwift-Beta */,
				E012C8682AF56F970032CB08 /* FirebaseInstallations */,
				E012C86A2AF56F970032CB08 /* FirebaseMLModelDownloader */,
				E012C86C2AF56F970032CB08 /* FirebaseMessaging */,
				E012C86E2AF56F970032CB08 /* FirebasePerformance */,
				E012C8702AF56F970032CB08 /* FirebaseRemoteConfig */,
				E012C8722AF56F970032CB08 /* FirebaseRemoteConfigSwift */,
				E012C8742AF56F970032CB08 /* FirebaseStorage */,
				E012C8762AF56F970032CB08 /* FirebaseStorageCombine-Community */,
			);
			productName = AppMVVM;
			productReference = E040E4D72ADB427C00D91089 /* AppMVVM.app */;
			productType = "com.apple.product-type.application";
		};
/* End PBXNativeTarget section */

/* Begin PBXProject section */
		E040E4CF2ADB427C00D91089 /* Project object */ = {
			isa = PBXProject;
			attributes = {
				BuildIndependentTargetsInParallel = 1;
				LastSwiftUpdateCheck = 1500;
				LastUpgradeCheck = 1500;
				TargetAttributes = {
					E03C2D042B07A35100012DD8 = {
						CreatedOnToolsVersion = 15.0.1;
						TestTargetID = E040E4D62ADB427C00D91089;
					};
					E040E4D62ADB427C00D91089 = {
						CreatedOnToolsVersion = 15.0;
					};
				};
			};
			buildConfigurationList = E040E4D22ADB427C00D91089 /* Build configuration list for PBXProject "AppMVVM" */;
			compatibilityVersion = "Xcode 14.0";
			developmentRegion = en;
			hasScannedForEncodings = 0;
			knownRegions = (
				en,
				Base,
			);
			mainGroup = E040E4CE2ADB427C00D91089;
			packageReferences = (
				E012C8412AF56F960032CB08 /* XCRemoteSwiftPackageReference "firebase-ios-sdk" */,
			);
			productRefGroup = E040E4D82ADB427C00D91089 /* Products */;
			projectDirPath = "";
			projectRoot = "";
			targets = (
				E040E4D62ADB427C00D91089 /* AppMVVM */,
				E03C2D042B07A35100012DD8 /* AppMVVMTests */,
			);
		};
/* End PBXProject section */

/* Begin PBXResourcesBuildPhase section */
		E03C2D032B07A35100012DD8 /* Resources */ = {
			isa = PBXResourcesBuildPhase;
			buildActionMask = 2147483647;
			files = (
			);
			runOnlyForDeploymentPostprocessing = 0;
		};
		E040E4D52ADB427C00D91089 /* Resources */ = {
			isa = PBXResourcesBuildPhase;
			buildActionMask = 2147483647;
			files = (
				E03AED8B2B026F8200AAF9E1 /* Response.json in Resources */,
				E040E4E72ADB427F00D91089 /* LaunchScreen.storyboard in Resources */,
				E012C8792AF572140032CB08 /* GoogleService-Info.plist in Resources */,
				E040E4E42ADB427F00D91089 /* Assets.xcassets in Resources */,
			);
			runOnlyForDeploymentPostprocessing = 0;
		};
/* End PBXResourcesBuildPhase section */

/* Begin PBXShellScriptBuildPhase section */
		0EE74250A7B7FBC30003BE5B /* [CP] Check Pods Manifest.lock */ = {
			isa = PBXShellScriptBuildPhase;
			buildActionMask = 2147483647;
			files = (
			);
			inputFileListPaths = (
			);
			inputPaths = (
				"${PODS_PODFILE_DIR_PATH}/Podfile.lock",
				"${PODS_ROOT}/Manifest.lock",
			);
			name = "[CP] Check Pods Manifest.lock";
			outputFileListPaths = (
			);
			outputPaths = (
				"$(DERIVED_FILE_DIR)/Pods-AppMVVM-checkManifestLockResult.txt",
			);
			runOnlyForDeploymentPostprocessing = 0;
			shellPath = /bin/sh;
			shellScript = "diff \"${PODS_PODFILE_DIR_PATH}/Podfile.lock\" \"${PODS_ROOT}/Manifest.lock\" > /dev/null\nif [ $? != 0 ] ; then\n    # print error to STDERR\n    echo \"error: The sandbox is not in sync with the Podfile.lock. Run 'pod install' or update your CocoaPods installation.\" >&2\n    exit 1\nfi\n# This output is used by Xcode 'outputs' to avoid re-running this script phase.\necho \"SUCCESS\" > \"${SCRIPT_OUTPUT_FILE_0}\"\n";
			showEnvVarsInLog = 0;
		};
		1C7116D2AC9B9ECCF7F6A2C0 /* [CP] Embed Pods Frameworks */ = {
			isa = PBXShellScriptBuildPhase;
			buildActionMask = 2147483647;
			files = (
			);
			inputFileListPaths = (
				"${PODS_ROOT}/Target Support Files/Pods-AppMVVM/Pods-AppMVVM-frameworks-${CONFIGURATION}-input-files.xcfilelist",
			);
			name = "[CP] Embed Pods Frameworks";
			outputFileListPaths = (
				"${PODS_ROOT}/Target Support Files/Pods-AppMVVM/Pods-AppMVVM-frameworks-${CONFIGURATION}-output-files.xcfilelist",
			);
			runOnlyForDeploymentPostprocessing = 0;
			shellPath = /bin/sh;
			shellScript = "\"${PODS_ROOT}/Target Support Files/Pods-AppMVVM/Pods-AppMVVM-frameworks.sh\"\n";
			showEnvVarsInLog = 0;
		};
		E03AED812B00497E00AAF9E1 /* ShellScript */ = {
			isa = PBXShellScriptBuildPhase;
			buildActionMask = 2147483647;
			files = (
			);
			inputFileListPaths = (
			);
			inputPaths = (
				"${DWARF_DSYM_FOLDER_PATH}/${DWARF_DSYM_FILE_NAME}/Contents/Resources/DWARF/${TARGET_NAME}",
				"$(SRCROOT)/$(BUILT_PRODUCTS_DIR)/$(INFOPLIST_PATH)",
			);
			outputFileListPaths = (
			);
			outputPaths = (
			);
			runOnlyForDeploymentPostprocessing = 0;
			shellPath = /bin/sh;
			shellScript = "# Type a script or drag a script file from your workspace to insert its path.\n\"${BUILD_DIR%/Build/*}/SourcePackages/checkouts/firebase-ios-sdk/Crashlytics/run\"\n";
		};
/* End PBXShellScriptBuildPhase section */

/* Begin PBXSourcesBuildPhase section */
		E03C2D012B07A35100012DD8 /* Sources */ = {
			isa = PBXSourcesBuildPhase;
			buildActionMask = 2147483647;
			files = (
				E03C2D082B07A35100012DD8 /* LoginScreenTests.swift in Sources */,
			);
			runOnlyForDeploymentPostprocessing = 0;
		};
		E040E4D32ADB427C00D91089 /* Sources */ = {
			isa = PBXSourcesBuildPhase;
			buildActionMask = 2147483647;
			files = (
				E040E4DF2ADB427C00D91089 /* HomeViewController.swift in Sources */,
				E0DBD8E72AF2DCD300CE86D8 /* PostCollectionViewCellScreen.swift in Sources */,
				E096612C2AF96A1700819CB7 /* LoginViewModel.swift in Sources */,
				E040E4DB2ADB427C00D91089 /* AppDelegate.swift in Sources */,
				E00264B82AE81C9B0089588F /* PostCardCollectionViewCell.swift in Sources */,
				E044E18B2AE0213D009BD2BE /* StoryCardCollectionViewCell.swift in Sources */,
				E0DF9D3C2AE5365B00DC184E /* UIColor+Extension.swift in Sources */,
				E0D754C32AFA475C001E3AB6 /* UILabelCustom.swift in Sources */,
				E0DF9D442AE5406100DC184E /* StoryCollectionViewCell.swift in Sources */,
				E0DF9D3F2AE53B1200DC184E /* StoryCardViewModel.swift in Sources */,
				E012C87C2AF5771C0032CB08 /* LoginViewController.swift in Sources */,
				E0DF9D422AE53BC600DC184E /* Stories.swift in Sources */,
				E03AED872B02384000AAF9E1 /* HomeService.swift in Sources */,
				E0DBD8E52AF2DB5900CE86D8 /* PostCollectionViewCell.swift in Sources */,
				E03AED892B023C3600AAF9E1 /* HomeData.swift in Sources */,
				E0DBD8E22AF2D6F400CE86D8 /* PostCardViewModel.swift in Sources */,
				E0D754C92AFA691C001E3AB6 /* RegisterViewScreen.swift in Sources */,
				E044E1852ADD9415009BD2BE /* HomeViewModel.swift in Sources */,
				E03AED802AFC0BC400AAF9E1 /* RegisterViewModel.swift in Sources */,
				E040E4DD2ADB427C00D91089 /* SceneDelegate.swift in Sources */,
				E00264BD2AE81DAF0089588F /* PostCollectionViewScreen.swift in Sources */,
				E0DF9D462AE540E800DC184E /* StoryCollectionViewScreen.swift in Sources */,
				E044E1892AE02088009BD2BE /* StoryCardCollectionViewScreen.swift in Sources */,
				E044E17F2ADD8EAF009BD2BE /* UIView+Extension.swift in Sources */,
				E012C87F2AF577710032CB08 /* LoginSreen.swift in Sources */,
				E0D754C52AFA479C001E3AB6 /* TextFieldCustom.swift in Sources */,
				E0D754CB2AFA6A1D001E3AB6 /* RegisterViewController.swift in Sources */,
				E00D96E92B0ADE8B0013C89A /* UIControl+Extensions.swift in Sources */,
				E0AC93392ADB5A500054E6C0 /* HomeScreenView.swift in Sources */,
				E00264C12AE821380089588F /* Posts.swift in Sources */,
				E00D96EB2B0ADEBD0013C89A /* UIButton+Extensions.swift in Sources */,
			);
			runOnlyForDeploymentPostprocessing = 0;
		};
/* End PBXSourcesBuildPhase section */

/* Begin PBXTargetDependency section */
		E03C2D0A2B07A35100012DD8 /* PBXTargetDependency */ = {
			isa = PBXTargetDependency;
			target = E040E4D62ADB427C00D91089 /* AppMVVM */;
			targetProxy = E03C2D092B07A35100012DD8 /* PBXContainerItemProxy */;
		};
/* End PBXTargetDependency section */

/* Begin PBXVariantGroup section */
		E040E4E52ADB427F00D91089 /* LaunchScreen.storyboard */ = {
			isa = PBXVariantGroup;
			children = (
				E040E4E62ADB427F00D91089 /* Base */,
			);
			name = LaunchScreen.storyboard;
			sourceTree = "<group>";
		};
/* End PBXVariantGroup section */

/* Begin XCBuildConfiguration section */
		E03C2D0B2B07A35100012DD8 /* Debug */ = {
			isa = XCBuildConfiguration;
			buildSettings = {
				BUNDLE_LOADER = "$(TEST_HOST)";
				CODE_SIGN_STYLE = Automatic;
				CURRENT_PROJECT_VERSION = 1;
				DEBUG_INFORMATION_FORMAT = dwarf;
				DEVELOPMENT_TEAM = WXQ8GLHA2M;
				GENERATE_INFOPLIST_FILE = YES;
				MARKETING_VERSION = 1.0;
				PRODUCT_BUNDLE_IDENTIFIER = br.com.spedaLeticia.AppMVVMTests;
				PRODUCT_NAME = "$(TARGET_NAME)";
				SWIFT_EMIT_LOC_STRINGS = NO;
				SWIFT_VERSION = 5.0;
				TARGETED_DEVICE_FAMILY = "1,2";
				TEST_HOST = "$(BUILT_PRODUCTS_DIR)/AppMVVM.app/$(BUNDLE_EXECUTABLE_FOLDER_PATH)/AppMVVM";
			};
			name = Debug;
		};
		E03C2D0C2B07A35100012DD8 /* Release */ = {
			isa = XCBuildConfiguration;
			buildSettings = {
				BUNDLE_LOADER = "$(TEST_HOST)";
				CODE_SIGN_STYLE = Automatic;
				CURRENT_PROJECT_VERSION = 1;
				DEVELOPMENT_TEAM = WXQ8GLHA2M;
				GENERATE_INFOPLIST_FILE = YES;
				MARKETING_VERSION = 1.0;
				PRODUCT_BUNDLE_IDENTIFIER = br.com.spedaLeticia.AppMVVMTests;
				PRODUCT_NAME = "$(TARGET_NAME)";
				SWIFT_EMIT_LOC_STRINGS = NO;
				SWIFT_VERSION = 5.0;
				TARGETED_DEVICE_FAMILY = "1,2";
				TEST_HOST = "$(BUILT_PRODUCTS_DIR)/AppMVVM.app/$(BUNDLE_EXECUTABLE_FOLDER_PATH)/AppMVVM";
			};
			name = Release;
		};
		E040E4E92ADB427F00D91089 /* Debug */ = {
			isa = XCBuildConfiguration;
			buildSettings = {
				ALWAYS_SEARCH_USER_PATHS = NO;
				ASSETCATALOG_COMPILER_GENERATE_SWIFT_ASSET_SYMBOL_EXTENSIONS = YES;
				CLANG_ANALYZER_NONNULL = YES;
				CLANG_ANALYZER_NUMBER_OBJECT_CONVERSION = YES_AGGRESSIVE;
				CLANG_CXX_LANGUAGE_STANDARD = "gnu++20";
				CLANG_ENABLE_MODULES = YES;
				CLANG_ENABLE_OBJC_ARC = YES;
				CLANG_ENABLE_OBJC_WEAK = YES;
				CLANG_WARN_BLOCK_CAPTURE_AUTORELEASING = YES;
				CLANG_WARN_BOOL_CONVERSION = YES;
				CLANG_WARN_COMMA = YES;
				CLANG_WARN_CONSTANT_CONVERSION = YES;
				CLANG_WARN_DEPRECATED_OBJC_IMPLEMENTATIONS = YES;
				CLANG_WARN_DIRECT_OBJC_ISA_USAGE = YES_ERROR;
				CLANG_WARN_DOCUMENTATION_COMMENTS = YES;
				CLANG_WARN_EMPTY_BODY = YES;
				CLANG_WARN_ENUM_CONVERSION = YES;
				CLANG_WARN_INFINITE_RECURSION = YES;
				CLANG_WARN_INT_CONVERSION = YES;
				CLANG_WARN_NON_LITERAL_NULL_CONVERSION = YES;
				CLANG_WARN_OBJC_IMPLICIT_RETAIN_SELF = YES;
				CLANG_WARN_OBJC_LITERAL_CONVERSION = YES;
				CLANG_WARN_OBJC_ROOT_CLASS = YES_ERROR;
				CLANG_WARN_QUOTED_INCLUDE_IN_FRAMEWORK_HEADER = YES;
				CLANG_WARN_RANGE_LOOP_ANALYSIS = YES;
				CLANG_WARN_STRICT_PROTOTYPES = YES;
				CLANG_WARN_SUSPICIOUS_MOVE = YES;
				CLANG_WARN_UNGUARDED_AVAILABILITY = YES_AGGRESSIVE;
				CLANG_WARN_UNREACHABLE_CODE = YES;
				CLANG_WARN__DUPLICATE_METHOD_MATCH = YES;
				COPY_PHASE_STRIP = NO;
				DEBUG_INFORMATION_FORMAT = "dwarf-with-dsym";
				ENABLE_STRICT_OBJC_MSGSEND = YES;
				ENABLE_TESTABILITY = YES;
				ENABLE_USER_SCRIPT_SANDBOXING = YES;
				GCC_C_LANGUAGE_STANDARD = gnu17;
				GCC_DYNAMIC_NO_PIC = NO;
				GCC_NO_COMMON_BLOCKS = YES;
				GCC_OPTIMIZATION_LEVEL = 0;
				GCC_PREPROCESSOR_DEFINITIONS = (
					"DEBUG=1",
					"$(inherited)",
				);
				GCC_WARN_64_TO_32_BIT_CONVERSION = YES;
				GCC_WARN_ABOUT_RETURN_TYPE = YES_ERROR;
				GCC_WARN_UNDECLARED_SELECTOR = YES;
				GCC_WARN_UNINITIALIZED_AUTOS = YES_AGGRESSIVE;
				GCC_WARN_UNUSED_FUNCTION = YES;
				GCC_WARN_UNUSED_VARIABLE = YES;
				IPHONEOS_DEPLOYMENT_TARGET = 17.0;
				LOCALIZATION_PREFERS_STRING_CATALOGS = YES;
				MTL_ENABLE_DEBUG_INFO = INCLUDE_SOURCE;
				MTL_FAST_MATH = YES;
				ONLY_ACTIVE_ARCH = YES;
				SDKROOT = iphoneos;
				SWIFT_ACTIVE_COMPILATION_CONDITIONS = "DEBUG $(inherited)";
				SWIFT_OPTIMIZATION_LEVEL = "-Onone";
			};
			name = Debug;
		};
		E040E4EA2ADB427F00D91089 /* Release */ = {
			isa = XCBuildConfiguration;
			buildSettings = {
				ALWAYS_SEARCH_USER_PATHS = NO;
				ASSETCATALOG_COMPILER_GENERATE_SWIFT_ASSET_SYMBOL_EXTENSIONS = YES;
				CLANG_ANALYZER_NONNULL = YES;
				CLANG_ANALYZER_NUMBER_OBJECT_CONVERSION = YES_AGGRESSIVE;
				CLANG_CXX_LANGUAGE_STANDARD = "gnu++20";
				CLANG_ENABLE_MODULES = YES;
				CLANG_ENABLE_OBJC_ARC = YES;
				CLANG_ENABLE_OBJC_WEAK = YES;
				CLANG_WARN_BLOCK_CAPTURE_AUTORELEASING = YES;
				CLANG_WARN_BOOL_CONVERSION = YES;
				CLANG_WARN_COMMA = YES;
				CLANG_WARN_CONSTANT_CONVERSION = YES;
				CLANG_WARN_DEPRECATED_OBJC_IMPLEMENTATIONS = YES;
				CLANG_WARN_DIRECT_OBJC_ISA_USAGE = YES_ERROR;
				CLANG_WARN_DOCUMENTATION_COMMENTS = YES;
				CLANG_WARN_EMPTY_BODY = YES;
				CLANG_WARN_ENUM_CONVERSION = YES;
				CLANG_WARN_INFINITE_RECURSION = YES;
				CLANG_WARN_INT_CONVERSION = YES;
				CLANG_WARN_NON_LITERAL_NULL_CONVERSION = YES;
				CLANG_WARN_OBJC_IMPLICIT_RETAIN_SELF = YES;
				CLANG_WARN_OBJC_LITERAL_CONVERSION = YES;
				CLANG_WARN_OBJC_ROOT_CLASS = YES_ERROR;
				CLANG_WARN_QUOTED_INCLUDE_IN_FRAMEWORK_HEADER = YES;
				CLANG_WARN_RANGE_LOOP_ANALYSIS = YES;
				CLANG_WARN_STRICT_PROTOTYPES = YES;
				CLANG_WARN_SUSPICIOUS_MOVE = YES;
				CLANG_WARN_UNGUARDED_AVAILABILITY = YES_AGGRESSIVE;
				CLANG_WARN_UNREACHABLE_CODE = YES;
				CLANG_WARN__DUPLICATE_METHOD_MATCH = YES;
				COPY_PHASE_STRIP = NO;
				DEBUG_INFORMATION_FORMAT = "dwarf-with-dsym";
				ENABLE_NS_ASSERTIONS = NO;
				ENABLE_STRICT_OBJC_MSGSEND = YES;
				ENABLE_USER_SCRIPT_SANDBOXING = YES;
				GCC_C_LANGUAGE_STANDARD = gnu17;
				GCC_NO_COMMON_BLOCKS = YES;
				GCC_WARN_64_TO_32_BIT_CONVERSION = YES;
				GCC_WARN_ABOUT_RETURN_TYPE = YES_ERROR;
				GCC_WARN_UNDECLARED_SELECTOR = YES;
				GCC_WARN_UNINITIALIZED_AUTOS = YES_AGGRESSIVE;
				GCC_WARN_UNUSED_FUNCTION = YES;
				GCC_WARN_UNUSED_VARIABLE = YES;
				IPHONEOS_DEPLOYMENT_TARGET = 17.0;
				LOCALIZATION_PREFERS_STRING_CATALOGS = YES;
				MTL_ENABLE_DEBUG_INFO = NO;
				MTL_FAST_MATH = YES;
				SDKROOT = iphoneos;
				SWIFT_COMPILATION_MODE = wholemodule;
				VALIDATE_PRODUCT = YES;
			};
			name = Release;
		};
		E040E4EC2ADB427F00D91089 /* Debug */ = {
			isa = XCBuildConfiguration;
			baseConfigurationReference = 48AC03DE1B8C6723BBCC44C6 /* Pods-AppMVVM.debug.xcconfig */;
			buildSettings = {
				ASSETCATALOG_COMPILER_APPICON_NAME = AppIcon;
				ASSETCATALOG_COMPILER_GLOBAL_ACCENT_COLOR_NAME = AccentColor;
				CODE_SIGN_STYLE = Automatic;
				CURRENT_PROJECT_VERSION = 1;
				DEVELOPMENT_TEAM = WXQ8GLHA2M;
				ENABLE_USER_SCRIPT_SANDBOXING = NO;
				GENERATE_INFOPLIST_FILE = YES;
				INFOPLIST_FILE = AppMVVM/Info.plist;
				INFOPLIST_KEY_UIApplicationSupportsIndirectInputEvents = YES;
				INFOPLIST_KEY_UILaunchStoryboardName = LaunchScreen;
				INFOPLIST_KEY_UISupportedInterfaceOrientations_iPad = "UIInterfaceOrientationPortrait UIInterfaceOrientationPortraitUpsideDown UIInterfaceOrientationLandscapeLeft UIInterfaceOrientationLandscapeRight";
				INFOPLIST_KEY_UISupportedInterfaceOrientations_iPhone = "UIInterfaceOrientationPortrait UIInterfaceOrientationLandscapeLeft UIInterfaceOrientationLandscapeRight";
				LD_RUNPATH_SEARCH_PATHS = (
					"$(inherited)",
					"@executable_path/Frameworks",
				);
				MARKETING_VERSION = 1.0;
				PRODUCT_BUNDLE_IDENTIFIER = br.com.spedaLeticia.AppMVVM;
				PRODUCT_NAME = "$(TARGET_NAME)";
				SWIFT_EMIT_LOC_STRINGS = YES;
				SWIFT_VERSION = 5.0;
				TARGETED_DEVICE_FAMILY = "1,2";
			};
			name = Debug;
		};
		E040E4ED2ADB427F00D91089 /* Release */ = {
			isa = XCBuildConfiguration;
			baseConfigurationReference = F64025B472D69EDF910E144A /* Pods-AppMVVM.release.xcconfig */;
			buildSettings = {
				ASSETCATALOG_COMPILER_APPICON_NAME = AppIcon;
				ASSETCATALOG_COMPILER_GLOBAL_ACCENT_COLOR_NAME = AccentColor;
				CODE_SIGN_STYLE = Automatic;
				CURRENT_PROJECT_VERSION = 1;
				DEVELOPMENT_TEAM = WXQ8GLHA2M;
				ENABLE_USER_SCRIPT_SANDBOXING = NO;
				GENERATE_INFOPLIST_FILE = YES;
				INFOPLIST_FILE = AppMVVM/Info.plist;
				INFOPLIST_KEY_UIApplicationSupportsIndirectInputEvents = YES;
				INFOPLIST_KEY_UILaunchStoryboardName = LaunchScreen;
				INFOPLIST_KEY_UISupportedInterfaceOrientations_iPad = "UIInterfaceOrientationPortrait UIInterfaceOrientationPortraitUpsideDown UIInterfaceOrientationLandscapeLeft UIInterfaceOrientationLandscapeRight";
				INFOPLIST_KEY_UISupportedInterfaceOrientations_iPhone = "UIInterfaceOrientationPortrait UIInterfaceOrientationLandscapeLeft UIInterfaceOrientationLandscapeRight";
				LD_RUNPATH_SEARCH_PATHS = (
					"$(inherited)",
					"@executable_path/Frameworks",
				);
				MARKETING_VERSION = 1.0;
				PRODUCT_BUNDLE_IDENTIFIER = br.com.spedaLeticia.AppMVVM;
				PRODUCT_NAME = "$(TARGET_NAME)";
				SWIFT_EMIT_LOC_STRINGS = YES;
				SWIFT_VERSION = 5.0;
				TARGETED_DEVICE_FAMILY = "1,2";
			};
			name = Release;
		};
/* End XCBuildConfiguration section */

/* Begin XCConfigurationList section */
		E03C2D0D2B07A35100012DD8 /* Build configuration list for PBXNativeTarget "AppMVVMTests" */ = {
			isa = XCConfigurationList;
			buildConfigurations = (
				E03C2D0B2B07A35100012DD8 /* Debug */,
				E03C2D0C2B07A35100012DD8 /* Release */,
			);
			defaultConfigurationIsVisible = 0;
			defaultConfigurationName = Release;
		};
		E040E4D22ADB427C00D91089 /* Build configuration list for PBXProject "AppMVVM" */ = {
			isa = XCConfigurationList;
			buildConfigurations = (
				E040E4E92ADB427F00D91089 /* Debug */,
				E040E4EA2ADB427F00D91089 /* Release */,
			);
			defaultConfigurationIsVisible = 0;
			defaultConfigurationName = Release;
		};
		E040E4EB2ADB427F00D91089 /* Build configuration list for PBXNativeTarget "AppMVVM" */ = {
			isa = XCConfigurationList;
			buildConfigurations = (
				E040E4EC2ADB427F00D91089 /* Debug */,
				E040E4ED2ADB427F00D91089 /* Release */,
			);
			defaultConfigurationIsVisible = 0;
			defaultConfigurationName = Release;
		};
/* End XCConfigurationList section */

/* Begin XCRemoteSwiftPackageReference section */
		E012C8412AF56F960032CB08 /* XCRemoteSwiftPackageReference "firebase-ios-sdk" */ = {
			isa = XCRemoteSwiftPackageReference;
			repositoryURL = "https://github.com/firebase/firebase-ios-sdk";
			requirement = {
				kind = upToNextMajorVersion;
				minimumVersion = 10.17.0;
			};
		};
/* End XCRemoteSwiftPackageReference section */

/* Begin XCSwiftPackageProductDependency section */
		E012C8422AF56F970032CB08 /* FirebaseAnalytics */ = {
			isa = XCSwiftPackageProductDependency;
			package = E012C8412AF56F960032CB08 /* XCRemoteSwiftPackageReference "firebase-ios-sdk" */;
			productName = FirebaseAnalytics;
		};
		E012C8442AF56F970032CB08 /* FirebaseAnalyticsOnDeviceConversion */ = {
			isa = XCSwiftPackageProductDependency;
			package = E012C8412AF56F960032CB08 /* XCRemoteSwiftPackageReference "firebase-ios-sdk" */;
			productName = FirebaseAnalyticsOnDeviceConversion;
		};
		E012C8462AF56F970032CB08 /* FirebaseAnalyticsSwift */ = {
			isa = XCSwiftPackageProductDependency;
			package = E012C8412AF56F960032CB08 /* XCRemoteSwiftPackageReference "firebase-ios-sdk" */;
			productName = FirebaseAnalyticsSwift;
		};
		E012C8482AF56F970032CB08 /* FirebaseAnalyticsWithoutAdIdSupport */ = {
			isa = XCSwiftPackageProductDependency;
			package = E012C8412AF56F960032CB08 /* XCRemoteSwiftPackageReference "firebase-ios-sdk" */;
			productName = FirebaseAnalyticsWithoutAdIdSupport;
		};
		E012C84A2AF56F970032CB08 /* FirebaseAppCheck */ = {
			isa = XCSwiftPackageProductDependency;
			package = E012C8412AF56F960032CB08 /* XCRemoteSwiftPackageReference "firebase-ios-sdk" */;
			productName = FirebaseAppCheck;
		};
		E012C84C2AF56F970032CB08 /* FirebaseAppDistribution-Beta */ = {
			isa = XCSwiftPackageProductDependency;
			package = E012C8412AF56F960032CB08 /* XCRemoteSwiftPackageReference "firebase-ios-sdk" */;
			productName = "FirebaseAppDistribution-Beta";
		};
		E012C84E2AF56F970032CB08 /* FirebaseAuth */ = {
			isa = XCSwiftPackageProductDependency;
			package = E012C8412AF56F960032CB08 /* XCRemoteSwiftPackageReference "firebase-ios-sdk" */;
			productName = FirebaseAuth;
		};
		E012C8502AF56F970032CB08 /* FirebaseAuthCombine-Community */ = {
			isa = XCSwiftPackageProductDependency;
			package = E012C8412AF56F960032CB08 /* XCRemoteSwiftPackageReference "firebase-ios-sdk" */;
			productName = "FirebaseAuthCombine-Community";
		};
		E012C8522AF56F970032CB08 /* FirebaseCrashlytics */ = {
			isa = XCSwiftPackageProductDependency;
			package = E012C8412AF56F960032CB08 /* XCRemoteSwiftPackageReference "firebase-ios-sdk" */;
			productName = FirebaseCrashlytics;
		};
		E012C8542AF56F970032CB08 /* FirebaseDatabase */ = {
			isa = XCSwiftPackageProductDependency;
			package = E012C8412AF56F960032CB08 /* XCRemoteSwiftPackageReference "firebase-ios-sdk" */;
			productName = FirebaseDatabase;
		};
		E012C8562AF56F970032CB08 /* FirebaseDatabaseSwift */ = {
			isa = XCSwiftPackageProductDependency;
			package = E012C8412AF56F960032CB08 /* XCRemoteSwiftPackageReference "firebase-ios-sdk" */;
			productName = FirebaseDatabaseSwift;
		};
		E012C8582AF56F970032CB08 /* FirebaseDynamicLinks */ = {
			isa = XCSwiftPackageProductDependency;
			package = E012C8412AF56F960032CB08 /* XCRemoteSwiftPackageReference "firebase-ios-sdk" */;
			productName = FirebaseDynamicLinks;
		};
		E012C85A2AF56F970032CB08 /* FirebaseFirestore */ = {
			isa = XCSwiftPackageProductDependency;
			package = E012C8412AF56F960032CB08 /* XCRemoteSwiftPackageReference "firebase-ios-sdk" */;
			productName = FirebaseFirestore;
		};
		E012C85C2AF56F970032CB08 /* FirebaseFirestoreCombine-Community */ = {
			isa = XCSwiftPackageProductDependency;
			package = E012C8412AF56F960032CB08 /* XCRemoteSwiftPackageReference "firebase-ios-sdk" */;
			productName = "FirebaseFirestoreCombine-Community";
		};
		E012C85E2AF56F970032CB08 /* FirebaseFirestoreSwift */ = {
			isa = XCSwiftPackageProductDependency;
			package = E012C8412AF56F960032CB08 /* XCRemoteSwiftPackageReference "firebase-ios-sdk" */;
			productName = FirebaseFirestoreSwift;
		};
		E012C8602AF56F970032CB08 /* FirebaseFunctions */ = {
			isa = XCSwiftPackageProductDependency;
			package = E012C8412AF56F960032CB08 /* XCRemoteSwiftPackageReference "firebase-ios-sdk" */;
			productName = FirebaseFunctions;
		};
		E012C8622AF56F970032CB08 /* FirebaseFunctionsCombine-Community */ = {
			isa = XCSwiftPackageProductDependency;
			package = E012C8412AF56F960032CB08 /* XCRemoteSwiftPackageReference "firebase-ios-sdk" */;
			productName = "FirebaseFunctionsCombine-Community";
		};
		E012C8642AF56F970032CB08 /* FirebaseInAppMessaging-Beta */ = {
			isa = XCSwiftPackageProductDependency;
			package = E012C8412AF56F960032CB08 /* XCRemoteSwiftPackageReference "firebase-ios-sdk" */;
			productName = "FirebaseInAppMessaging-Beta";
		};
		E012C8662AF56F970032CB08 /* FirebaseInAppMessagingSwift-Beta */ = {
			isa = XCSwiftPackageProductDependency;
			package = E012C8412AF56F960032CB08 /* XCRemoteSwiftPackageReference "firebase-ios-sdk" */;
			productName = "FirebaseInAppMessagingSwift-Beta";
		};
		E012C8682AF56F970032CB08 /* FirebaseInstallations */ = {
			isa = XCSwiftPackageProductDependency;
			package = E012C8412AF56F960032CB08 /* XCRemoteSwiftPackageReference "firebase-ios-sdk" */;
			productName = FirebaseInstallations;
		};
		E012C86A2AF56F970032CB08 /* FirebaseMLModelDownloader */ = {
			isa = XCSwiftPackageProductDependency;
			package = E012C8412AF56F960032CB08 /* XCRemoteSwiftPackageReference "firebase-ios-sdk" */;
			productName = FirebaseMLModelDownloader;
		};
		E012C86C2AF56F970032CB08 /* FirebaseMessaging */ = {
			isa = XCSwiftPackageProductDependency;
			package = E012C8412AF56F960032CB08 /* XCRemoteSwiftPackageReference "firebase-ios-sdk" */;
			productName = FirebaseMessaging;
		};
		E012C86E2AF56F970032CB08 /* FirebasePerformance */ = {
			isa = XCSwiftPackageProductDependency;
			package = E012C8412AF56F960032CB08 /* XCRemoteSwiftPackageReference "firebase-ios-sdk" */;
			productName = FirebasePerformance;
		};
		E012C8702AF56F970032CB08 /* FirebaseRemoteConfig */ = {
			isa = XCSwiftPackageProductDependency;
			package = E012C8412AF56F960032CB08 /* XCRemoteSwiftPackageReference "firebase-ios-sdk" */;
			productName = FirebaseRemoteConfig;
		};
		E012C8722AF56F970032CB08 /* FirebaseRemoteConfigSwift */ = {
			isa = XCSwiftPackageProductDependency;
			package = E012C8412AF56F960032CB08 /* XCRemoteSwiftPackageReference "firebase-ios-sdk" */;
			productName = FirebaseRemoteConfigSwift;
		};
		E012C8742AF56F970032CB08 /* FirebaseStorage */ = {
			isa = XCSwiftPackageProductDependency;
			package = E012C8412AF56F960032CB08 /* XCRemoteSwiftPackageReference "firebase-ios-sdk" */;
			productName = FirebaseStorage;
		};
		E012C8762AF56F970032CB08 /* FirebaseStorageCombine-Community */ = {
			isa = XCSwiftPackageProductDependency;
			package = E012C8412AF56F960032CB08 /* XCRemoteSwiftPackageReference "firebase-ios-sdk" */;
			productName = "FirebaseStorageCombine-Community";
		};
/* End XCSwiftPackageProductDependency section */
	};
	rootObject = E040E4CF2ADB427C00D91089 /* Project object */;
}
