// !$*UTF8*$!
{
	archiveVersion = 1;
	classes = {
	};
	objectVersion = 56;
	objects = {

/* Begin PBXBuildFile section */
		E00264B82AE81C9B0089588F /* PostCardCollectionViewCell.swift in Sources */ = {isa = PBXBuildFile; fileRef = E00264B72AE81C9B0089588F /* PostCardCollectionViewCell.swift */; };
		E00264BD2AE81DAF0089588F /* PostCollectionViewScreen.swift in Sources */ = {isa = PBXBuildFile; fileRef = E00264BC2AE81DAF0089588F /* PostCollectionViewScreen.swift */; };
		E00264C12AE821380089588F /* Posts.swift in Sources */ = {isa = PBXBuildFile; fileRef = E00264C02AE821380089588F /* Posts.swift */; };
		E040E4DB2ADB427C00D91089 /* AppDelegate.swift in Sources */ = {isa = PBXBuildFile; fileRef = E040E4DA2ADB427C00D91089 /* AppDelegate.swift */; };
		E040E4DD2ADB427C00D91089 /* SceneDelegate.swift in Sources */ = {isa = PBXBuildFile; fileRef = E040E4DC2ADB427C00D91089 /* SceneDelegate.swift */; };
		E040E4DF2ADB427C00D91089 /* HomeViewController.swift in Sources */ = {isa = PBXBuildFile; fileRef = E040E4DE2ADB427C00D91089 /* HomeViewController.swift */; };
		E040E4E42ADB427F00D91089 /* Assets.xcassets in Resources */ = {isa = PBXBuildFile; fileRef = E040E4E32ADB427F00D91089 /* Assets.xcassets */; };
		E040E4E72ADB427F00D91089 /* LaunchScreen.storyboard in Resources */ = {isa = PBXBuildFile; fileRef = E040E4E52ADB427F00D91089 /* LaunchScreen.storyboard */; };
		E044E17F2ADD8EAF009BD2BE /* UIView+Extension.swift in Sources */ = {isa = PBXBuildFile; fileRef = E044E17E2ADD8EAF009BD2BE /* UIView+Extension.swift */; };
		E044E1852ADD9415009BD2BE /* HomeViewModel.swift in Sources */ = {isa = PBXBuildFile; fileRef = E044E1842ADD9415009BD2BE /* HomeViewModel.swift */; };
		E044E1892AE02088009BD2BE /* StoryCardCollectionViewScreen.swift in Sources */ = {isa = PBXBuildFile; fileRef = E044E1882AE02088009BD2BE /* StoryCardCollectionViewScreen.swift */; };
		E044E18B2AE0213D009BD2BE /* StoryCardCollectionViewCell.swift in Sources */ = {isa = PBXBuildFile; fileRef = E044E18A2AE0213D009BD2BE /* StoryCardCollectionViewCell.swift */; };
		E0AC93392ADB5A500054E6C0 /* HomeScreenView.swift in Sources */ = {isa = PBXBuildFile; fileRef = E0AC93382ADB5A500054E6C0 /* HomeScreenView.swift */; };
		E0DBD8E22AF2D6F400CE86D8 /* PostCardViewModel.swift in Sources */ = {isa = PBXBuildFile; fileRef = E0DBD8E12AF2D6F400CE86D8 /* PostCardViewModel.swift */; };
		E0DBD8E52AF2DB5900CE86D8 /* PostCollectionViewCell.swift in Sources */ = {isa = PBXBuildFile; fileRef = E0DBD8E42AF2DB5900CE86D8 /* PostCollectionViewCell.swift */; };
		E0DBD8E72AF2DCD300CE86D8 /* PostCollectionViewCellScreen.swift in Sources */ = {isa = PBXBuildFile; fileRef = E0DBD8E62AF2DCD300CE86D8 /* PostCollectionViewCellScreen.swift */; };
		E0DF9D3C2AE5365B00DC184E /* UIColor+Extension.swift in Sources */ = {isa = PBXBuildFile; fileRef = E0DF9D3B2AE5365B00DC184E /* UIColor+Extension.swift */; };
		E0DF9D3F2AE53B1200DC184E /* StoryCardViewModel.swift in Sources */ = {isa = PBXBuildFile; fileRef = E0DF9D3E2AE53B1200DC184E /* StoryCardViewModel.swift */; };
		E0DF9D422AE53BC600DC184E /* Stories.swift in Sources */ = {isa = PBXBuildFile; fileRef = E0DF9D412AE53BC600DC184E /* Stories.swift */; };
		E0DF9D442AE5406100DC184E /* StoryCollectionViewCell.swift in Sources */ = {isa = PBXBuildFile; fileRef = E0DF9D432AE5406100DC184E /* StoryCollectionViewCell.swift */; };
		E0DF9D462AE540E800DC184E /* StoryCollectionViewScreen.swift in Sources */ = {isa = PBXBuildFile; fileRef = E0DF9D452AE540E800DC184E /* StoryCollectionViewScreen.swift */; };
/* End PBXBuildFile section */

/* Begin PBXFileReference section */
		E00264B72AE81C9B0089588F /* PostCardCollectionViewCell.swift */ = {isa = PBXFileReference; lastKnownFileType = sourcecode.swift; path = PostCardCollectionViewCell.swift; sourceTree = "<group>"; };
		E00264BC2AE81DAF0089588F /* PostCollectionViewScreen.swift */ = {isa = PBXFileReference; lastKnownFileType = sourcecode.swift; path = PostCollectionViewScreen.swift; sourceTree = "<group>"; };
		E00264C02AE821380089588F /* Posts.swift */ = {isa = PBXFileReference; lastKnownFileType = sourcecode.swift; path = Posts.swift; sourceTree = "<group>"; };
		E040E4D72ADB427C00D91089 /* AppMVVM.app */ = {isa = PBXFileReference; explicitFileType = wrapper.application; includeInIndex = 0; path = AppMVVM.app; sourceTree = BUILT_PRODUCTS_DIR; };
		E040E4DA2ADB427C00D91089 /* AppDelegate.swift */ = {isa = PBXFileReference; lastKnownFileType = sourcecode.swift; path = AppDelegate.swift; sourceTree = "<group>"; };
		E040E4DC2ADB427C00D91089 /* SceneDelegate.swift */ = {isa = PBXFileReference; lastKnownFileType = sourcecode.swift; path = SceneDelegate.swift; sourceTree = "<group>"; };
		E040E4DE2ADB427C00D91089 /* HomeViewController.swift */ = {isa = PBXFileReference; lastKnownFileType = sourcecode.swift; path = HomeViewController.swift; sourceTree = "<group>"; };
		E040E4E32ADB427F00D91089 /* Assets.xcassets */ = {isa = PBXFileReference; lastKnownFileType = folder.assetcatalog; path = Assets.xcassets; sourceTree = "<group>"; };
		E040E4E62ADB427F00D91089 /* Base */ = {isa = PBXFileReference; lastKnownFileType = file.storyboard; name = Base; path = Base.lproj/LaunchScreen.storyboard; sourceTree = "<group>"; };
		E040E4E82ADB427F00D91089 /* Info.plist */ = {isa = PBXFileReference; lastKnownFileType = text.plist.xml; path = Info.plist; sourceTree = "<group>"; };
		E044E17E2ADD8EAF009BD2BE /* UIView+Extension.swift */ = {isa = PBXFileReference; lastKnownFileType = sourcecode.swift; path = "UIView+Extension.swift"; sourceTree = "<group>"; };
		E044E1842ADD9415009BD2BE /* HomeViewModel.swift */ = {isa = PBXFileReference; lastKnownFileType = sourcecode.swift; path = HomeViewModel.swift; sourceTree = "<group>"; };
		E044E1882AE02088009BD2BE /* StoryCardCollectionViewScreen.swift */ = {isa = PBXFileReference; lastKnownFileType = sourcecode.swift; path = StoryCardCollectionViewScreen.swift; sourceTree = "<group>"; };
		E044E18A2AE0213D009BD2BE /* StoryCardCollectionViewCell.swift */ = {isa = PBXFileReference; lastKnownFileType = sourcecode.swift; path = StoryCardCollectionViewCell.swift; sourceTree = "<group>"; };
		E0AC93382ADB5A500054E6C0 /* HomeScreenView.swift */ = {isa = PBXFileReference; lastKnownFileType = sourcecode.swift; path = HomeScreenView.swift; sourceTree = "<group>"; };
		E0DBD8E12AF2D6F400CE86D8 /* PostCardViewModel.swift */ = {isa = PBXFileReference; lastKnownFileType = sourcecode.swift; path = PostCardViewModel.swift; sourceTree = "<group>"; };
		E0DBD8E42AF2DB5900CE86D8 /* PostCollectionViewCell.swift */ = {isa = PBXFileReference; lastKnownFileType = sourcecode.swift; path = PostCollectionViewCell.swift; sourceTree = "<group>"; };
		E0DBD8E62AF2DCD300CE86D8 /* PostCollectionViewCellScreen.swift */ = {isa = PBXFileReference; lastKnownFileType = sourcecode.swift; path = PostCollectionViewCellScreen.swift; sourceTree = "<group>"; };
		E0DF9D3B2AE5365B00DC184E /* UIColor+Extension.swift */ = {isa = PBXFileReference; lastKnownFileType = sourcecode.swift; path = "UIColor+Extension.swift"; sourceTree = "<group>"; };
		E0DF9D3E2AE53B1200DC184E /* StoryCardViewModel.swift */ = {isa = PBXFileReference; lastKnownFileType = sourcecode.swift; path = StoryCardViewModel.swift; sourceTree = "<group>"; };
		E0DF9D412AE53BC600DC184E /* Stories.swift */ = {isa = PBXFileReference; lastKnownFileType = sourcecode.swift; path = Stories.swift; sourceTree = "<group>"; };
		E0DF9D432AE5406100DC184E /* StoryCollectionViewCell.swift */ = {isa = PBXFileReference; lastKnownFileType = sourcecode.swift; path = StoryCollectionViewCell.swift; sourceTree = "<group>"; };
		E0DF9D452AE540E800DC184E /* StoryCollectionViewScreen.swift */ = {isa = PBXFileReference; lastKnownFileType = sourcecode.swift; path = StoryCollectionViewScreen.swift; sourceTree = "<group>"; };
/* End PBXFileReference section */

/* Begin PBXFrameworksBuildPhase section */
		E040E4D42ADB427C00D91089 /* Frameworks */ = {
			isa = PBXFrameworksBuildPhase;
			buildActionMask = 2147483647;
			files = (
			);
			runOnlyForDeploymentPostprocessing = 0;
		};
/* End PBXFrameworksBuildPhase section */

/* Begin PBXGroup section */
		E00264B52AE81C6B0089588F /* Story */ = {
			isa = PBXGroup;
			children = (
				E0DBD8E32AF2D6FF00CE86D8 /* ViewModel */,
				E00264BE2AE81E190089588F /* Cell */,
				E00264BA2AE81CDB0089588F /* StoryScreen */,
			);
			path = Story;
			sourceTree = "<group>";
		};
		E00264B62AE81C7C0089588F /* PostCard */ = {
			isa = PBXGroup;
			children = (
				E0DBD8E02AF2D6D800CE86D8 /* ViewModel */,
				E00264BF2AE81E2B0089588F /* Cell */,
				E00264B92AE81CB90089588F /* PostScreen */,
			);
			path = PostCard;
			sourceTree = "<group>";
		};
		E00264B92AE81CB90089588F /* PostScreen */ = {
			isa = PBXGroup;
			children = (
				E00264BC2AE81DAF0089588F /* PostCollectionViewScreen.swift */,
				E0DBD8E62AF2DCD300CE86D8 /* PostCollectionViewCellScreen.swift */,
			);
			path = PostScreen;
			sourceTree = "<group>";
		};
		E00264BA2AE81CDB0089588F /* StoryScreen */ = {
			isa = PBXGroup;
			children = (
				E0DF9D452AE540E800DC184E /* StoryCollectionViewScreen.swift */,
				E044E1882AE02088009BD2BE /* StoryCardCollectionViewScreen.swift */,
			);
			path = StoryScreen;
			sourceTree = "<group>";
		};
		E00264BB2AE81D220089588F /* Home */ = {
			isa = PBXGroup;
			children = (
				E040E4DE2ADB427C00D91089 /* HomeViewController.swift */,
				E044E1832ADD9404009BD2BE /* ViewModel */,
				E044E1872AE0205F009BD2BE /* HomeScreen */,
			);
			path = Home;
			sourceTree = "<group>";
		};
		E00264BE2AE81E190089588F /* Cell */ = {
			isa = PBXGroup;
			children = (
				E0DF9D432AE5406100DC184E /* StoryCollectionViewCell.swift */,
				E044E18A2AE0213D009BD2BE /* StoryCardCollectionViewCell.swift */,
			);
			path = Cell;
			sourceTree = "<group>";
		};
		E00264BF2AE81E2B0089588F /* Cell */ = {
			isa = PBXGroup;
			children = (
				E00264B72AE81C9B0089588F /* PostCardCollectionViewCell.swift */,
				E0DBD8E42AF2DB5900CE86D8 /* PostCollectionViewCell.swift */,
			);
			path = Cell;
			sourceTree = "<group>";
		};
		E040E4CE2ADB427C00D91089 = {
			isa = PBXGroup;
			children = (
				E040E4D92ADB427C00D91089 /* AppMVVM */,
				E040E4D82ADB427C00D91089 /* Products */,
			);
			sourceTree = "<group>";
		};
		E040E4D82ADB427C00D91089 /* Products */ = {
			isa = PBXGroup;
			children = (
				E040E4D72ADB427C00D91089 /* AppMVVM.app */,
			);
			name = Products;
			sourceTree = "<group>";
		};
		E040E4D92ADB427C00D91089 /* AppMVVM */ = {
			isa = PBXGroup;
			children = (
				E0DF9D402AE53BBA00DC184E /* Model */,
				E044E1862ADD946C009BD2BE /* View */,
				E044E17D2ADD8E98009BD2BE /* Extension */,
				E040E4EF2ADB43B600D91089 /* Assets */,
				E040E4EE2ADB439900D91089 /* Aplication */,
				E040E4E82ADB427F00D91089 /* Info.plist */,
			);
			path = AppMVVM;
			sourceTree = "<group>";
		};
		E040E4EE2ADB439900D91089 /* Aplication */ = {
			isa = PBXGroup;
			children = (
				E040E4E52ADB427F00D91089 /* LaunchScreen.storyboard */,
				E040E4DA2ADB427C00D91089 /* AppDelegate.swift */,
				E040E4DC2ADB427C00D91089 /* SceneDelegate.swift */,
			);
			path = Aplication;
			sourceTree = "<group>";
		};
		E040E4EF2ADB43B600D91089 /* Assets */ = {
			isa = PBXGroup;
			children = (
				E040E4E32ADB427F00D91089 /* Assets.xcassets */,
			);
			path = Assets;
			sourceTree = "<group>";
		};
		E044E17D2ADD8E98009BD2BE /* Extension */ = {
			isa = PBXGroup;
			children = (
				E044E17E2ADD8EAF009BD2BE /* UIView+Extension.swift */,
				E0DF9D3B2AE5365B00DC184E /* UIColor+Extension.swift */,
			);
			path = Extension;
			sourceTree = "<group>";
		};
		E044E1832ADD9404009BD2BE /* ViewModel */ = {
			isa = PBXGroup;
			children = (
				E044E1842ADD9415009BD2BE /* HomeViewModel.swift */,
			);
			path = ViewModel;
			sourceTree = "<group>";
		};
		E044E1862ADD946C009BD2BE /* View */ = {
			isa = PBXGroup;
			children = (
				E00264BB2AE81D220089588F /* Home */,
				E00264B52AE81C6B0089588F /* Story */,
				E00264B62AE81C7C0089588F /* PostCard */,
			);
			path = View;
			sourceTree = "<group>";
		};
		E044E1872AE0205F009BD2BE /* HomeScreen */ = {
			isa = PBXGroup;
			children = (
				E0AC93382ADB5A500054E6C0 /* HomeScreenView.swift */,
			);
			path = HomeScreen;
			sourceTree = "<group>";
		};
		E0DBD8E02AF2D6D800CE86D8 /* ViewModel */ = {
			isa = PBXGroup;
			children = (
				E0DBD8E12AF2D6F400CE86D8 /* PostCardViewModel.swift */,
			);
			path = ViewModel;
			sourceTree = "<group>";
		};
		E0DBD8E32AF2D6FF00CE86D8 /* ViewModel */ = {
			isa = PBXGroup;
			children = (
				E0DF9D3E2AE53B1200DC184E /* StoryCardViewModel.swift */,
			);
			path = ViewModel;
			sourceTree = "<group>";
		};
		E0DF9D402AE53BBA00DC184E /* Model */ = {
			isa = PBXGroup;
			children = (
				E0DF9D412AE53BC600DC184E /* Stories.swift */,
				E00264C02AE821380089588F /* Posts.swift */,
			);
			path = Model;
			sourceTree = "<group>";
		};
/* End PBXGroup section */

/* Begin PBXNativeTarget section */
		E040E4D62ADB427C00D91089 /* AppMVVM */ = {
			isa = PBXNativeTarget;
			buildConfigurationList = E040E4EB2ADB427F00D91089 /* Build configuration list for PBXNativeTarget "AppMVVM" */;
			buildPhases = (
				E040E4D32ADB427C00D91089 /* Sources */,
				E040E4D42ADB427C00D91089 /* Frameworks */,
				E040E4D52ADB427C00D91089 /* Resources */,
			);
			buildRules = (
			);
			dependencies = (
			);
			name = AppMVVM;
			productName = AppMVVM;
			productReference = E040E4D72ADB427C00D91089 /* AppMVVM.app */;
			productType = "com.apple.product-type.application";
		};
/* End PBXNativeTarget section */

/* Begin PBXProject section */
		E040E4CF2ADB427C00D91089 /* Project object */ = {
			isa = PBXProject;
			attributes = {
				BuildIndependentTargetsInParallel = 1;
				LastSwiftUpdateCheck = 1500;
				LastUpgradeCheck = 1500;
				TargetAttributes = {
					E040E4D62ADB427C00D91089 = {
						CreatedOnToolsVersion = 15.0;
					};
				};
			};
			buildConfigurationList = E040E4D22ADB427C00D91089 /* Build configuration list for PBXProject "AppMVVM" */;
			compatibilityVersion = "Xcode 14.0";
			developmentRegion = en;
			hasScannedForEncodings = 0;
			knownRegions = (
				en,
				Base,
			);
			mainGroup = E040E4CE2ADB427C00D91089;
			productRefGroup = E040E4D82ADB427C00D91089 /* Products */;
			projectDirPath = "";
			projectRoot = "";
			targets = (
				E040E4D62ADB427C00D91089 /* AppMVVM */,
			);
		};
/* End PBXProject section */

/* Begin PBXResourcesBuildPhase section */
		E040E4D52ADB427C00D91089 /* Resources */ = {
			isa = PBXResourcesBuildPhase;
			buildActionMask = 2147483647;
			files = (
				E040E4E72ADB427F00D91089 /* LaunchScreen.storyboard in Resources */,
				E040E4E42ADB427F00D91089 /* Assets.xcassets in Resources */,
			);
			runOnlyForDeploymentPostprocessing = 0;
		};
/* End PBXResourcesBuildPhase section */

/* Begin PBXSourcesBuildPhase section */
		E040E4D32ADB427C00D91089 /* Sources */ = {
			isa = PBXSourcesBuildPhase;
			buildActionMask = 2147483647;
			files = (
				E040E4DF2ADB427C00D91089 /* HomeViewController.swift in Sources */,
				E0DBD8E72AF2DCD300CE86D8 /* PostCollectionViewCellScreen.swift in Sources */,
				E040E4DB2ADB427C00D91089 /* AppDelegate.swift in Sources */,
				E00264B82AE81C9B0089588F /* PostCardCollectionViewCell.swift in Sources */,
				E044E18B2AE0213D009BD2BE /* StoryCardCollectionViewCell.swift in Sources */,
				E0DF9D3C2AE5365B00DC184E /* UIColor+Extension.swift in Sources */,
				E0DF9D442AE5406100DC184E /* StoryCollectionViewCell.swift in Sources */,
				E0DF9D3F2AE53B1200DC184E /* StoryCardViewModel.swift in Sources */,
				E0DF9D422AE53BC600DC184E /* Stories.swift in Sources */,
				E0DBD8E52AF2DB5900CE86D8 /* PostCollectionViewCell.swift in Sources */,
				E0DBD8E22AF2D6F400CE86D8 /* PostCardViewModel.swift in Sources */,
				E044E1852ADD9415009BD2BE /* HomeViewModel.swift in Sources */,
				E040E4DD2ADB427C00D91089 /* SceneDelegate.swift in Sources */,
				E00264BD2AE81DAF0089588F /* PostCollectionViewScreen.swift in Sources */,
				E0DF9D462AE540E800DC184E /* StoryCollectionViewScreen.swift in Sources */,
				E044E1892AE02088009BD2BE /* StoryCardCollectionViewScreen.swift in Sources */,
				E044E17F2ADD8EAF009BD2BE /* UIView+Extension.swift in Sources */,
				E0AC93392ADB5A500054E6C0 /* HomeScreenView.swift in Sources */,
				E00264C12AE821380089588F /* Posts.swift in Sources */,
			);
			runOnlyForDeploymentPostprocessing = 0;
		};
/* End PBXSourcesBuildPhase section */

/* Begin PBXVariantGroup section */
		E040E4E52ADB427F00D91089 /* LaunchScreen.storyboard */ = {
			isa = PBXVariantGroup;
			children = (
				E040E4E62ADB427F00D91089 /* Base */,
			);
			name = LaunchScreen.storyboard;
			sourceTree = "<group>";
		};
/* End PBXVariantGroup section */

/* Begin XCBuildConfiguration section */
		E040E4E92ADB427F00D91089 /* Debug */ = {
			isa = XCBuildConfiguration;
			buildSettings = {
				ALWAYS_SEARCH_USER_PATHS = NO;
				ASSETCATALOG_COMPILER_GENERATE_SWIFT_ASSET_SYMBOL_EXTENSIONS = YES;
				CLANG_ANALYZER_NONNULL = YES;
				CLANG_ANALYZER_NUMBER_OBJECT_CONVERSION = YES_AGGRESSIVE;
				CLANG_CXX_LANGUAGE_STANDARD = "gnu++20";
				CLANG_ENABLE_MODULES = YES;
				CLANG_ENABLE_OBJC_ARC = YES;
				CLANG_ENABLE_OBJC_WEAK = YES;
				CLANG_WARN_BLOCK_CAPTURE_AUTORELEASING = YES;
				CLANG_WARN_BOOL_CONVERSION = YES;
				CLANG_WARN_COMMA = YES;
				CLANG_WARN_CONSTANT_CONVERSION = YES;
				CLANG_WARN_DEPRECATED_OBJC_IMPLEMENTATIONS = YES;
				CLANG_WARN_DIRECT_OBJC_ISA_USAGE = YES_ERROR;
				CLANG_WARN_DOCUMENTATION_COMMENTS = YES;
				CLANG_WARN_EMPTY_BODY = YES;
				CLANG_WARN_ENUM_CONVERSION = YES;
				CLANG_WARN_INFINITE_RECURSION = YES;
				CLANG_WARN_INT_CONVERSION = YES;
				CLANG_WARN_NON_LITERAL_NULL_CONVERSION = YES;
				CLANG_WARN_OBJC_IMPLICIT_RETAIN_SELF = YES;
				CLANG_WARN_OBJC_LITERAL_CONVERSION = YES;
				CLANG_WARN_OBJC_ROOT_CLASS = YES_ERROR;
				CLANG_WARN_QUOTED_INCLUDE_IN_FRAMEWORK_HEADER = YES;
				CLANG_WARN_RANGE_LOOP_ANALYSIS = YES;
				CLANG_WARN_STRICT_PROTOTYPES = YES;
				CLANG_WARN_SUSPICIOUS_MOVE = YES;
				CLANG_WARN_UNGUARDED_AVAILABILITY = YES_AGGRESSIVE;
				CLANG_WARN_UNREACHABLE_CODE = YES;
				CLANG_WARN__DUPLICATE_METHOD_MATCH = YES;
				COPY_PHASE_STRIP = NO;
				DEBUG_INFORMATION_FORMAT = dwarf;
				ENABLE_STRICT_OBJC_MSGSEND = YES;
				ENABLE_TESTABILITY = YES;
				ENABLE_USER_SCRIPT_SANDBOXING = YES;
				GCC_C_LANGUAGE_STANDARD = gnu17;
				GCC_DYNAMIC_NO_PIC = NO;
				GCC_NO_COMMON_BLOCKS = YES;
				GCC_OPTIMIZATION_LEVEL = 0;
				GCC_PREPROCESSOR_DEFINITIONS = (
					"DEBUG=1",
					"$(inherited)",
				);
				GCC_WARN_64_TO_32_BIT_CONVERSION = YES;
				GCC_WARN_ABOUT_RETURN_TYPE = YES_ERROR;
				GCC_WARN_UNDECLARED_SELECTOR = YES;
				GCC_WARN_UNINITIALIZED_AUTOS = YES_AGGRESSIVE;
				GCC_WARN_UNUSED_FUNCTION = YES;
				GCC_WARN_UNUSED_VARIABLE = YES;
				IPHONEOS_DEPLOYMENT_TARGET = 17.0;
				LOCALIZATION_PREFERS_STRING_CATALOGS = YES;
				MTL_ENABLE_DEBUG_INFO = INCLUDE_SOURCE;
				MTL_FAST_MATH = YES;
				ONLY_ACTIVE_ARCH = YES;
				SDKROOT = iphoneos;
				SWIFT_ACTIVE_COMPILATION_CONDITIONS = "DEBUG $(inherited)";
				SWIFT_OPTIMIZATION_LEVEL = "-Onone";
			};
			name = Debug;
		};
		E040E4EA2ADB427F00D91089 /* Release */ = {
			isa = XCBuildConfiguration;
			buildSettings = {
				ALWAYS_SEARCH_USER_PATHS = NO;
				ASSETCATALOG_COMPILER_GENERATE_SWIFT_ASSET_SYMBOL_EXTENSIONS = YES;
				CLANG_ANALYZER_NONNULL = YES;
				CLANG_ANALYZER_NUMBER_OBJECT_CONVERSION = YES_AGGRESSIVE;
				CLANG_CXX_LANGUAGE_STANDARD = "gnu++20";
				CLANG_ENABLE_MODULES = YES;
				CLANG_ENABLE_OBJC_ARC = YES;
				CLANG_ENABLE_OBJC_WEAK = YES;
				CLANG_WARN_BLOCK_CAPTURE_AUTORELEASING = YES;
				CLANG_WARN_BOOL_CONVERSION = YES;
				CLANG_WARN_COMMA = YES;
				CLANG_WARN_CONSTANT_CONVERSION = YES;
				CLANG_WARN_DEPRECATED_OBJC_IMPLEMENTATIONS = YES;
				CLANG_WARN_DIRECT_OBJC_ISA_USAGE = YES_ERROR;
				CLANG_WARN_DOCUMENTATION_COMMENTS = YES;
				CLANG_WARN_EMPTY_BODY = YES;
				CLANG_WARN_ENUM_CONVERSION = YES;
				CLANG_WARN_INFINITE_RECURSION = YES;
				CLANG_WARN_INT_CONVERSION = YES;
				CLANG_WARN_NON_LITERAL_NULL_CONVERSION = YES;
				CLANG_WARN_OBJC_IMPLICIT_RETAIN_SELF = YES;
				CLANG_WARN_OBJC_LITERAL_CONVERSION = YES;
				CLANG_WARN_OBJC_ROOT_CLASS = YES_ERROR;
				CLANG_WARN_QUOTED_INCLUDE_IN_FRAMEWORK_HEADER = YES;
				CLANG_WARN_RANGE_LOOP_ANALYSIS = YES;
				CLANG_WARN_STRICT_PROTOTYPES = YES;
				CLANG_WARN_SUSPICIOUS_MOVE = YES;
				CLANG_WARN_UNGUARDED_AVAILABILITY = YES_AGGRESSIVE;
				CLANG_WARN_UNREACHABLE_CODE = YES;
				CLANG_WARN__DUPLICATE_METHOD_MATCH = YES;
				COPY_PHASE_STRIP = NO;
				DEBUG_INFORMATION_FORMAT = "dwarf-with-dsym";
				ENABLE_NS_ASSERTIONS = NO;
				ENABLE_STRICT_OBJC_MSGSEND = YES;
				ENABLE_USER_SCRIPT_SANDBOXING = YES;
				GCC_C_LANGUAGE_STANDARD = gnu17;
				GCC_NO_COMMON_BLOCKS = YES;
				GCC_WARN_64_TO_32_BIT_CONVERSION = YES;
				GCC_WARN_ABOUT_RETURN_TYPE = YES_ERROR;
				GCC_WARN_UNDECLARED_SELECTOR = YES;
				GCC_WARN_UNINITIALIZED_AUTOS = YES_AGGRESSIVE;
				GCC_WARN_UNUSED_FUNCTION = YES;
				GCC_WARN_UNUSED_VARIABLE = YES;
				IPHONEOS_DEPLOYMENT_TARGET = 17.0;
				LOCALIZATION_PREFERS_STRING_CATALOGS = YES;
				MTL_ENABLE_DEBUG_INFO = NO;
				MTL_FAST_MATH = YES;
				SDKROOT = iphoneos;
				SWIFT_COMPILATION_MODE = wholemodule;
				VALIDATE_PRODUCT = YES;
			};
			name = Release;
		};
		E040E4EC2ADB427F00D91089 /* Debug */ = {
			isa = XCBuildConfiguration;
			buildSettings = {
				ASSETCATALOG_COMPILER_APPICON_NAME = AppIcon;
				ASSETCATALOG_COMPILER_GLOBAL_ACCENT_COLOR_NAME = AccentColor;
				CODE_SIGN_STYLE = Automatic;
				CURRENT_PROJECT_VERSION = 1;
				DEVELOPMENT_TEAM = WXQ8GLHA2M;
				GENERATE_INFOPLIST_FILE = YES;
				INFOPLIST_FILE = AppMVVM/Info.plist;
				INFOPLIST_KEY_UIApplicationSupportsIndirectInputEvents = YES;
				INFOPLIST_KEY_UILaunchStoryboardName = LaunchScreen;
				INFOPLIST_KEY_UISupportedInterfaceOrientations_iPad = "UIInterfaceOrientationPortrait UIInterfaceOrientationPortraitUpsideDown UIInterfaceOrientationLandscapeLeft UIInterfaceOrientationLandscapeRight";
				INFOPLIST_KEY_UISupportedInterfaceOrientations_iPhone = "UIInterfaceOrientationPortrait UIInterfaceOrientationLandscapeLeft UIInterfaceOrientationLandscapeRight";
				LD_RUNPATH_SEARCH_PATHS = (
					"$(inherited)",
					"@executable_path/Frameworks",
				);
				MARKETING_VERSION = 1.0;
				PRODUCT_BUNDLE_IDENTIFIER = br.com.spedaLeticia.AppMVVM;
				PRODUCT_NAME = "$(TARGET_NAME)";
				SWIFT_EMIT_LOC_STRINGS = YES;
				SWIFT_VERSION = 5.0;
				TARGETED_DEVICE_FAMILY = "1,2";
			};
			name = Debug;
		};
		E040E4ED2ADB427F00D91089 /* Release */ = {
			isa = XCBuildConfiguration;
			buildSettings = {
				ASSETCATALOG_COMPILER_APPICON_NAME = AppIcon;
				ASSETCATALOG_COMPILER_GLOBAL_ACCENT_COLOR_NAME = AccentColor;
				CODE_SIGN_STYLE = Automatic;
				CURRENT_PROJECT_VERSION = 1;
				DEVELOPMENT_TEAM = WXQ8GLHA2M;
				GENERATE_INFOPLIST_FILE = YES;
				INFOPLIST_FILE = AppMVVM/Info.plist;
				INFOPLIST_KEY_UIApplicationSupportsIndirectInputEvents = YES;
				INFOPLIST_KEY_UILaunchStoryboardName = LaunchScreen;
				INFOPLIST_KEY_UISupportedInterfaceOrientations_iPad = "UIInterfaceOrientationPortrait UIInterfaceOrientationPortraitUpsideDown UIInterfaceOrientationLandscapeLeft UIInterfaceOrientationLandscapeRight";
				INFOPLIST_KEY_UISupportedInterfaceOrientations_iPhone = "UIInterfaceOrientationPortrait UIInterfaceOrientationLandscapeLeft UIInterfaceOrientationLandscapeRight";
				LD_RUNPATH_SEARCH_PATHS = (
					"$(inherited)",
					"@executable_path/Frameworks",
				);
				MARKETING_VERSION = 1.0;
				PRODUCT_BUNDLE_IDENTIFIER = br.com.spedaLeticia.AppMVVM;
				PRODUCT_NAME = "$(TARGET_NAME)";
				SWIFT_EMIT_LOC_STRINGS = YES;
				SWIFT_VERSION = 5.0;
				TARGETED_DEVICE_FAMILY = "1,2";
			};
			name = Release;
		};
/* End XCBuildConfiguration section */

/* Begin XCConfigurationList section */
		E040E4D22ADB427C00D91089 /* Build configuration list for PBXProject "AppMVVM" */ = {
			isa = XCConfigurationList;
			buildConfigurations = (
				E040E4E92ADB427F00D91089 /* Debug */,
				E040E4EA2ADB427F00D91089 /* Release */,
			);
			defaultConfigurationIsVisible = 0;
			defaultConfigurationName = Release;
		};
		E040E4EB2ADB427F00D91089 /* Build configuration list for PBXNativeTarget "AppMVVM" */ = {
			isa = XCConfigurationList;
			buildConfigurations = (
				E040E4EC2ADB427F00D91089 /* Debug */,
				E040E4ED2ADB427F00D91089 /* Release */,
			);
			defaultConfigurationIsVisible = 0;
			defaultConfigurationName = Release;
		};
/* End XCConfigurationList section */
	};
	rootObject = E040E4CF2ADB427C00D91089 /* Project object */;
}
